// !$*UTF8*$!
{
	archiveVersion = 1;
	classes = {
	};
	objectVersion = 48;
	objects = {

/* Begin PBXBuildFile section */
		8E1936B91FEBA1820080E4CC /* main.m in Sources */ = {isa = PBXBuildFile; fileRef = 8E1936B81FEBA1820080E4CC /* main.m */; };
		8E1936C41FEBA2E50080E4CC /* PKProtocolExtension.m in Sources */ = {isa = PBXBuildFile; fileRef = 8E1936C11FEBA2E50080E4CC /* PKProtocolExtension.m */; };
		8EB101811FF10F9F00866C21 /* TestModel.m in Sources */ = {isa = PBXBuildFile; fileRef = 8EB101801FF10F9F00866C21 /* TestModel.m */; };
/* End PBXBuildFile section */

/* Begin PBXCopyFilesBuildPhase section */
		8E1936B31FEBA1820080E4CC /* CopyFiles */ = {
			isa = PBXCopyFilesBuildPhase;
			buildActionMask = 2147483647;
			dstPath = /usr/share/man/man1/;
			dstSubfolderSpec = 0;
			files = (
			);
			runOnlyForDeploymentPostprocessing = 1;
		};
/* End PBXCopyFilesBuildPhase section */

/* Begin PBXFileReference section */
		8E1936B51FEBA1820080E4CC /* TestProtocolKit */ = {isa = PBXFileReference; explicitFileType = "compiled.mach-o.executable"; includeInIndex = 0; path = TestProtocolKit; sourceTree = BUILT_PRODUCTS_DIR; };
		8E1936B81FEBA1820080E4CC /* main.m */ = {isa = PBXFileReference; lastKnownFileType = sourcecode.c.objc; path = main.m; sourceTree = "<group>"; };
		8E1936C11FEBA2E50080E4CC /* PKProtocolExtension.m */ = {isa = PBXFileReference; fileEncoding = 4; lastKnownFileType = sourcecode.c.objc; path = PKProtocolExtension.m; sourceTree = "<group>"; };
		8E1936C21FEBA2E50080E4CC /* PKProtocolExtension.h */ = {isa = PBXFileReference; fileEncoding = 4; lastKnownFileType = sourcecode.c.h; path = PKProtocolExtension.h; sourceTree = "<group>"; };
		8E1936C31FEBA2E50080E4CC /* ProtocolKit.h */ = {isa = PBXFileReference; fileEncoding = 4; lastKnownFileType = sourcecode.c.h; path = ProtocolKit.h; sourceTree = "<group>"; };
		8EB1017F1FF10F9F00866C21 /* TestModel.h */ = {isa = PBXFileReference; lastKnownFileType = sourcecode.c.h; path = TestModel.h; sourceTree = "<group>"; };
		8EB101801FF10F9F00866C21 /* TestModel.m */ = {isa = PBXFileReference; lastKnownFileType = sourcecode.c.objc; path = TestModel.m; sourceTree = "<group>"; };
		8EB101821FF1103000866C21 /* TestPro.h */ = {isa = PBXFileReference; lastKnownFileType = sourcecode.c.h; path = TestPro.h; sourceTree = "<group>"; };
/* End PBXFileReference section */

/* Begin PBXFrameworksBuildPhase section */
		8E1936B21FEBA1820080E4CC /* Frameworks */ = {
			isa = PBXFrameworksBuildPhase;
			buildActionMask = 2147483647;
			files = (
			);
			runOnlyForDeploymentPostprocessing = 0;
		};
/* End PBXFrameworksBuildPhase section */

/* Begin PBXGroup section */
		8E1936AC1FEBA1820080E4CC = {
			isa = PBXGroup;
			children = (
				8E1936B71FEBA1820080E4CC /* TestProtocolKit */,
				8E1936B61FEBA1820080E4CC /* Products */,
			);
			sourceTree = "<group>";
		};
		8E1936B61FEBA1820080E4CC /* Products */ = {
			isa = PBXGroup;
			children = (
				8E1936B51FEBA1820080E4CC /* TestProtocolKit */,
			);
			name = Products;
			sourceTree = "<group>";
		};
		8E1936B71FEBA1820080E4CC /* TestProtocolKit */ = {
			isa = PBXGroup;
			children = (
				8E1936C01FEBA2E50080E4CC /* ProtocolKit */,
				8E1936B81FEBA1820080E4CC /* main.m */,
				8EB1017F1FF10F9F00866C21 /* TestModel.h */,
				8EB101801FF10F9F00866C21 /* TestModel.m */,
				8EB101821FF1103000866C21 /* TestPro.h */,
			);
			path = TestProtocolKit;
			sourceTree = "<group>";
		};
		8E1936C01FEBA2E50080E4CC /* ProtocolKit */ = {
			isa = PBXGroup;
			children = (
				8E1936C11FEBA2E50080E4CC /* PKProtocolExtension.m */,
				8E1936C21FEBA2E50080E4CC /* PKProtocolExtension.h */,
				8E1936C31FEBA2E50080E4CC /* ProtocolKit.h */,
			);
			path = ProtocolKit;
			sourceTree = "<group>";
		};
/* End PBXGroup section */

/* Begin PBXNativeTarget section */
		8E1936B41FEBA1820080E4CC /* TestProtocolKit */ = {
			isa = PBXNativeTarget;
			buildConfigurationList = 8E1936BC1FEBA1820080E4CC /* Build configuration list for PBXNativeTarget "TestProtocolKit" */;
			buildPhases = (
				8E1936B11FEBA1820080E4CC /* Sources */,
				8E1936B21FEBA1820080E4CC /* Frameworks */,
				8E1936B31FEBA1820080E4CC /* CopyFiles */,
			);
			buildRules = (
			);
			dependencies = (
			);
			name = TestProtocolKit;
			productName = TestProtocolKit;
			productReference = 8E1936B51FEBA1820080E4CC /* TestProtocolKit */;
			productType = "com.apple.product-type.tool";
		};
/* End PBXNativeTarget section */

/* Begin PBXProject section */
		8E1936AD1FEBA1820080E4CC /* Project object */ = {
			isa = PBXProject;
			attributes = {
				LastUpgradeCheck = 0910;
				ORGANIZATIONNAME = Centaline;
				TargetAttributes = {
					8E1936B41FEBA1820080E4CC = {
						CreatedOnToolsVersion = 9.1;
						ProvisioningStyle = Automatic;
					};
				};
			};
			buildConfigurationList = 8E1936B01FEBA1820080E4CC /* Build configuration list for PBXProject "TestProtocolKit" */;
			compatibilityVersion = "Xcode 8.0";
			developmentRegion = en;
			hasScannedForEncodings = 0;
			knownRegions = (
				en,
			);
			mainGroup = 8E1936AC1FEBA1820080E4CC;
			productRefGroup = 8E1936B61FEBA1820080E4CC /* Products */;
			projectDirPath = "";
			projectRoot = "";
			targets = (
				8E1936B41FEBA1820080E4CC /* TestProtocolKit */,
			);
		};
/* End PBXProject section */

/* Begin PBXSourcesBuildPhase section */
		8E1936B11FEBA1820080E4CC /* Sources */ = {
			isa = PBXSourcesBuildPhase;
			buildActionMask = 2147483647;
			files = (
				8EB101811FF10F9F00866C21 /* TestModel.m in Sources */,
				8E1936C41FEBA2E50080E4CC /* PKProtocolExtension.m in Sources */,
				8E1936B91FEBA1820080E4CC /* main.m in Sources */,
			);
			runOnlyForDeploymentPostprocessing = 0;
		};
/* End PBXSourcesBuildPhase section */

/* Begin XCBuildConfiguration section */
		8E1936BA1FEBA1820080E4CC /* Debug */ = {
			isa = XCBuildConfiguration;
			buildSettings = {
				ALWAYS_SEARCH_USER_PATHS = NO;
				CLANG_ANALYZER_NONNULL = YES;
				CLANG_ANALYZER_NUMBER_OBJECT_CONVERSION = YES_AGGRESSIVE;
				CLANG_CXX_LANGUAGE_STANDARD = "gnu++14";
				CLANG_CXX_LIBRARY = "libc++";
				CLANG_ENABLE_MODULES = YES;
				CLANG_ENABLE_OBJC_ARC = YES;
				CLANG_WARN_BLOCK_CAPTURE_AUTORELEASING = YES;
				CLANG_WARN_BOOL_CONVERSION = YES;
				CLANG_WARN_COMMA = YES;
				CLANG_WARN_CONSTANT_CONVERSION = YES;
				CLANG_WARN_DIRECT_OBJC_ISA_USAGE = YES_ERROR;
				CLANG_WARN_DOCUMENTATION_COMMENTS = YES;
				CLANG_WARN_EMPTY_BODY = YES;
				CLANG_WARN_ENUM_CONVERSION = YES;
				CLANG_WARN_INFINITE_RECURSION = YES;
				CLANG_WARN_INT_CONVERSION = YES;
				CLANG_WARN_NON_LITERAL_NULL_CONVERSION = YES;
				CLANG_WARN_OBJC_LITERAL_CONVERSION = YES;
				CLANG_WARN_OBJC_ROOT_CLASS = YES_ERROR;
				CLANG_WARN_RANGE_LOOP_ANALYSIS = YES;
				CLANG_WARN_STRICT_PROTOTYPES = YES;
				CLANG_WARN_SUSPICIOUS_MOVE = YES;
				CLANG_WARN_UNGUARDED_AVAILABILITY = YES_AGGRESSIVE;
				CLANG_WARN_UNREACHABLE_CODE = YES;
				CLANG_WARN__DUPLICATE_METHOD_MATCH = YES;
				CODE_SIGN_IDENTITY = "Mac Developer";
				COPY_PHASE_STRIP = NO;
				DEBUG_INFORMATION_FORMAT = dwarf;
				ENABLE_STRICT_OBJC_MSGSEND = YES;
				ENABLE_TESTABILITY = YES;
				GCC_C_LANGUAGE_STANDARD = gnu11;
				GCC_DYNAMIC_NO_PIC = NO;
				GCC_NO_COMMON_BLOCKS = YES;
				GCC_OPTIMIZATION_LEVEL = 0;
				GCC_PREPROCESSOR_DEFINITIONS = (
					"DEBUG=1",
					"$(inherited)",
				);
				GCC_WARN_64_TO_32_BIT_CONVERSION = YES;
				GCC_WARN_ABOUT_RETURN_TYPE = YES_ERROR;
				GCC_WARN_UNDECLARED_SELECTOR = YES;
				GCC_WARN_UNINITIALIZED_AUTOS = YES_AGGRESSIVE;
				GCC_WARN_UNUSED_FUNCTION = YES;
				GCC_WARN_UNUSED_VARIABLE = YES;
				MACOSX_DEPLOYMENT_TARGET = 10.13;
				MTL_ENABLE_DEBUG_INFO = YES;
				ONLY_ACTIVE_ARCH = YES;
				SDKROOT = macosx;
			};
			name = Debug;
		};
		8E1936BB1FEBA1820080E4CC /* Release */ = {
			isa = XCBuildConfiguration;
			buildSettings = {
				ALWAYS_SEARCH_USER_PATHS = NO;
				CLANG_ANALYZER_NONNULL = YES;
				CLANG_ANALYZER_NUMBER_OBJECT_CONVERSION = YES_AGGRESSIVE;
				CLANG_CXX_LANGUAGE_STANDARD = "gnu++14";
				CLANG_CXX_LIBRARY = "libc++";
				CLANG_ENABLE_MODULES = YES;
				CLANG_ENABLE_OBJC_ARC = YES;
				CLANG_WARN_BLOCK_CAPTURE_AUTORELEASING = YES;
				CLANG_WARN_BOOL_CONVERSION = YES;
				CLANG_WARN_COMMA = YES;
				CLANG_WARN_CONSTANT_CONVERSION = YES;
				CLANG_WARN_DIRECT_OBJC_ISA_USAGE = YES_ERROR;
				CLANG_WARN_DOCUMENTATION_COMMENTS = YES;
				CLANG_WARN_EMPTY_BODY = YES;
				CLANG_WARN_ENUM_CONVERSION = YES;
				CLANG_WARN_INFINITE_RECURSION = YES;
				CLANG_WARN_INT_CONVERSION = YES;
				CLANG_WARN_NON_LITERAL_NULL_CONVERSION = YES;
				CLANG_WARN_OBJC_LITERAL_CONVERSION = YES;
				CLANG_WARN_OBJC_ROOT_CLASS = YES_ERROR;
				CLANG_WARN_RANGE_LOOP_ANALYSIS = YES;
				CLANG_WARN_STRICT_PROTOTYPES = YES;
				CLANG_WARN_SUSPICIOUS_MOVE = YES;
				CLANG_WARN_UNGUARDED_AVAILABILITY = YES_AGGRESSIVE;
				CLANG_WARN_UNREACHABLE_CODE = YES;
				CLANG_WARN__DUPLICATE_METHOD_MATCH = YES;
				CODE_SIGN_IDENTITY = "Mac Developer";
				COPY_PHASE_STRIP = NO;
				DEBUG_INFORMATION_FORMAT = "dwarf-with-dsym";
				ENABLE_NS_ASSERTIONS = NO;
				ENABLE_STRICT_OBJC_MSGSEND = YES;
				GCC_C_LANGUAGE_STANDARD = gnu11;
				GCC_NO_COMMON_BLOCKS = YES;
				GCC_WARN_64_TO_32_BIT_CONVERSION = YES;
				GCC_WARN_ABOUT_RETURN_TYPE = YES_ERROR;
				GCC_WARN_UNDECLARED_SELECTOR = YES;
				GCC_WARN_UNINITIALIZED_AUTOS = YES_AGGRESSIVE;
				GCC_WARN_UNUSED_FUNCTION = YES;
				GCC_WARN_UNUSED_VARIABLE = YES;
				MACOSX_DEPLOYMENT_TARGET = 10.13;
				MTL_ENABLE_DEBUG_INFO = NO;
				SDKROOT = macosx;
			};
			name = Release;
		};
		8E1936BD1FEBA1820080E4CC /* Debug */ = {
			isa = XCBuildConfiguration;
			buildSettings = {
				CODE_SIGN_STYLE = Automatic;
				DEVELOPMENT_TEAM = WT44JA8HJ5;
				PRODUCT_NAME = "$(TARGET_NAME)";
			};
			name = Debug;
		};
		8E1936BE1FEBA1820080E4CC /* Release */ = {
			isa = XCBuildConfiguration;
			buildSettings = {
				CODE_SIGN_STYLE = Automatic;
				DEVELOPMENT_TEAM = WT44JA8HJ5;
				PRODUCT_NAME = "$(TARGET_NAME)";
			};
			name = Release;
		};
/* End XCBuildConfiguration section */

/* Begin XCConfigurationList section */
		8E1936B01FEBA1820080E4CC /* Build configuration list for PBXProject "TestProtocolKit" */ = {
			isa = XCConfigurationList;
			buildConfigurations = (
				8E1936BA1FEBA1820080E4CC /* Debug */,
				8E1936BB1FEBA1820080E4CC /* Release */,
			);
			defaultConfigurationIsVisible = 0;
			defaultConfigurationName = Release;
		};
		8E1936BC1FEBA1820080E4CC /* Build configuration list for PBXNativeTarget "TestProtocolKit" */ = {
			isa = XCConfigurationList;
			buildConfigurations = (
				8E1936BD1FEBA1820080E4CC /* Debug */,
				8E1936BE1FEBA1820080E4CC /* Release */,
			);
			defaultConfigurationIsVisible = 0;
			defaultConfigurationName = Release;
		};
/* End XCConfigurationList section */
	};
	rootObject = 8E1936AD1FEBA1820080E4CC /* Project object */;
}
