// !$*UTF8*$!
{
	archiveVersion = 1;
	classes = {
	};
	objectVersion = 48;
	objects = {

/* Begin PBXBuildFile section */
		8E60DD8220D101F900307025 /* AppDelegate.m in Sources */ = {isa = PBXBuildFile; fileRef = 8E60DD8120D101F900307025 /* AppDelegate.m */; };
		8E60DD8520D101FA00307025 /* ViewController.m in Sources */ = {isa = PBXBuildFile; fileRef = 8E60DD8420D101FA00307025 /* ViewController.m */; };
		8E60DD8820D101FA00307025 /* Main.storyboard in Resources */ = {isa = PBXBuildFile; fileRef = 8E60DD8620D101FA00307025 /* Main.storyboard */; };
		8E60DD8A20D101FA00307025 /* Assets.xcassets in Resources */ = {isa = PBXBuildFile; fileRef = 8E60DD8920D101FA00307025 /* Assets.xcassets */; };
		8E60DD8D20D101FA00307025 /* LaunchScreen.storyboard in Resources */ = {isa = PBXBuildFile; fileRef = 8E60DD8B20D101FA00307025 /* LaunchScreen.storyboard */; };
		8E60DD9020D101FA00307025 /* main.m in Sources */ = {isa = PBXBuildFile; fileRef = 8E60DD8F20D101FA00307025 /* main.m */; };
/* End PBXBuildFile section */

/* Begin PBXFileReference section */
		8E60DD7D20D101F900307025 /* TestReactNative.app */ = {isa = PBXFileReference; explicitFileType = wrapper.application; includeInIndex = 0; path = TestReactNative.app; sourceTree = BUILT_PRODUCTS_DIR; };
		8E60DD8020D101F900307025 /* AppDelegate.h */ = {isa = PBXFileReference; lastKnownFileType = sourcecode.c.h; path = AppDelegate.h; sourceTree = "<group>"; };
		8E60DD8120D101F900307025 /* AppDelegate.m */ = {isa = PBXFileReference; lastKnownFileType = sourcecode.c.objc; path = AppDelegate.m; sourceTree = "<group>"; };
		8E60DD8320D101FA00307025 /* ViewController.h */ = {isa = PBXFileReference; lastKnownFileType = sourcecode.c.h; path = ViewController.h; sourceTree = "<group>"; };
		8E60DD8420D101FA00307025 /* ViewController.m */ = {isa = PBXFileReference; lastKnownFileType = sourcecode.c.objc; path = ViewController.m; sourceTree = "<group>"; };
		8E60DD8720D101FA00307025 /* Base */ = {isa = PBXFileReference; lastKnownFileType = file.storyboard; name = Base; path = Base.lproj/Main.storyboard; sourceTree = "<group>"; };
		8E60DD8920D101FA00307025 /* Assets.xcassets */ = {isa = PBXFileReference; lastKnownFileType = folder.assetcatalog; path = Assets.xcassets; sourceTree = "<group>"; };
		8E60DD8C20D101FA00307025 /* Base */ = {isa = PBXFileReference; lastKnownFileType = file.storyboard; name = Base; path = Base.lproj/LaunchScreen.storyboard; sourceTree = "<group>"; };
		8E60DD8E20D101FA00307025 /* Info.plist */ = {isa = PBXFileReference; lastKnownFileType = text.plist.xml; path = Info.plist; sourceTree = "<group>"; };
		8E60DD8F20D101FA00307025 /* main.m */ = {isa = PBXFileReference; lastKnownFileType = sourcecode.c.objc; path = main.m; sourceTree = "<group>"; };
/* End PBXFileReference section */

/* Begin PBXFrameworksBuildPhase section */
		8E60DD7A20D101F900307025 /* Frameworks */ = {
			isa = PBXFrameworksBuildPhase;
			buildActionMask = 2147483647;
			files = (
			);
			runOnlyForDeploymentPostprocessing = 0;
		};
/* End PBXFrameworksBuildPhase section */

/* Begin PBXGroup section */
		8E60DD7420D101F900307025 = {
			isa = PBXGroup;
			children = (
				8E60DD7F20D101F900307025 /* TestReactNative */,
				8E60DD7E20D101F900307025 /* Products */,
			);
			sourceTree = "<group>";
		};
		8E60DD7E20D101F900307025 /* Products */ = {
			isa = PBXGroup;
			children = (
				8E60DD7D20D101F900307025 /* TestReactNative.app */,
			);
			name = Products;
			sourceTree = "<group>";
		};
		8E60DD7F20D101F900307025 /* TestReactNative */ = {
			isa = PBXGroup;
			children = (
				8E60DD8020D101F900307025 /* AppDelegate.h */,
				8E60DD8120D101F900307025 /* AppDelegate.m */,
				8E60DD8320D101FA00307025 /* ViewController.h */,
				8E60DD8420D101FA00307025 /* ViewController.m */,
				8E60DD8620D101FA00307025 /* Main.storyboard */,
				8E60DD8920D101FA00307025 /* Assets.xcassets */,
				8E60DD8B20D101FA00307025 /* LaunchScreen.storyboard */,
				8E60DD8E20D101FA00307025 /* Info.plist */,
				8E60DD8F20D101FA00307025 /* main.m */,
			);
			path = TestReactNative;
			sourceTree = "<group>";
		};
/* End PBXGroup section */

/* Begin PBXNativeTarget section */
		8E60DD7C20D101F900307025 /* TestReactNative */ = {
			isa = PBXNativeTarget;
			buildConfigurationList = 8E60DD9320D101FA00307025 /* Build configuration list for PBXNativeTarget "TestReactNative" */;
			buildPhases = (
				8E60DD7920D101F900307025 /* Sources */,
				8E60DD7A20D101F900307025 /* Frameworks */,
				8E60DD7B20D101F900307025 /* Resources */,
			);
			buildRules = (
			);
			dependencies = (
			);
			name = TestReactNative;
			productName = TestReactNative;
			productReference = 8E60DD7D20D101F900307025 /* TestReactNative.app */;
			productType = "com.apple.product-type.application";
		};
/* End PBXNativeTarget section */

/* Begin PBXProject section */
		8E60DD7520D101F900307025 /* Project object */ = {
			isa = PBXProject;
			attributes = {
				LastUpgradeCheck = 0920;
				ORGANIZATIONNAME = Centaline;
				TargetAttributes = {
					8E60DD7C20D101F900307025 = {
						CreatedOnToolsVersion = 9.2;
						ProvisioningStyle = Automatic;
					};
				};
			};
			buildConfigurationList = 8E60DD7820D101F900307025 /* Build configuration list for PBXProject "TestReactNative" */;
			compatibilityVersion = "Xcode 8.0";
			developmentRegion = en;
			hasScannedForEncodings = 0;
			knownRegions = (
				en,
				Base,
			);
			mainGroup = 8E60DD7420D101F900307025;
			productRefGroup = 8E60DD7E20D101F900307025 /* Products */;
			projectDirPath = "";
			projectRoot = "";
			targets = (
				8E60DD7C20D101F900307025 /* TestReactNative */,
			);
		};
/* End PBXProject section */

/* Begin PBXResourcesBuildPhase section */
		8E60DD7B20D101F900307025 /* Resources */ = {
			isa = PBXResourcesBuildPhase;
			buildActionMask = 2147483647;
			files = (
				8E60DD8D20D101FA00307025 /* LaunchScreen.storyboard in Resources */,
				8E60DD8A20D101FA00307025 /* Assets.xcassets in Resources */,
				8E60DD8820D101FA00307025 /* Main.storyboard in Resources */,
			);
			runOnlyForDeploymentPostprocessing = 0;
		};
/* End PBXResourcesBuildPhase section */

/* Begin PBXSourcesBuildPhase section */
		8E60DD7920D101F900307025 /* Sources */ = {
			isa = PBXSourcesBuildPhase;
			buildActionMask = 2147483647;
			files = (
				8E60DD8520D101FA00307025 /* ViewController.m in Sources */,
				8E60DD9020D101FA00307025 /* main.m in Sources */,
				8E60DD8220D101F900307025 /* AppDelegate.m in Sources */,
			);
			runOnlyForDeploymentPostprocessing = 0;
		};
/* End PBXSourcesBuildPhase section */

/* Begin PBXVariantGroup section */
		8E60DD8620D101FA00307025 /* Main.storyboard */ = {
			isa = PBXVariantGroup;
			children = (
				8E60DD8720D101FA00307025 /* Base */,
			);
			name = Main.storyboard;
			sourceTree = "<group>";
		};
		8E60DD8B20D101FA00307025 /* LaunchScreen.storyboard */ = {
			isa = PBXVariantGroup;
			children = (
				8E60DD8C20D101FA00307025 /* Base */,
			);
			name = LaunchScreen.storyboard;
			sourceTree = "<group>";
		};
/* End PBXVariantGroup section */

/* Begin XCBuildConfiguration section */
		8E60DD9120D101FA00307025 /* Debug */ = {
			isa = XCBuildConfiguration;
			buildSettings = {
				ALWAYS_SEARCH_USER_PATHS = NO;
				CLANG_ANALYZER_NONNULL = YES;
				CLANG_ANALYZER_NUMBER_OBJECT_CONVERSION = YES_AGGRESSIVE;
				CLANG_CXX_LANGUAGE_STANDARD = "gnu++14";
				CLANG_CXX_LIBRARY = "libc++";
				CLANG_ENABLE_MODULES = YES;
				CLANG_ENABLE_OBJC_ARC = YES;
				CLANG_WARN_BLOCK_CAPTURE_AUTORELEASING = YES;
				CLANG_WARN_BOOL_CONVERSION = YES;
				CLANG_WARN_COMMA = YES;
				CLANG_WARN_CONSTANT_CONVERSION = YES;
				CLANG_WARN_DIRECT_OBJC_ISA_USAGE = YES_ERROR;
				CLANG_WARN_DOCUMENTATION_COMMENTS = YES;
				CLANG_WARN_EMPTY_BODY = YES;
				CLANG_WARN_ENUM_CONVERSION = YES;
				CLANG_WARN_INFINITE_RECURSION = YES;
				CLANG_WARN_INT_CONVERSION = YES;
				CLANG_WARN_NON_LITERAL_NULL_CONVERSION = YES;
				CLANG_WARN_OBJC_LITERAL_CONVERSION = YES;
				CLANG_WARN_OBJC_ROOT_CLASS = YES_ERROR;
				CLANG_WARN_RANGE_LOOP_ANALYSIS = YES;
				CLANG_WARN_STRICT_PROTOTYPES = YES;
				CLANG_WARN_SUSPICIOUS_MOVE = YES;
				CLANG_WARN_UNGUARDED_AVAILABILITY = YES_AGGRESSIVE;
				CLANG_WARN_UNREACHABLE_CODE = YES;
				CLANG_WARN__DUPLICATE_METHOD_MATCH = YES;
				CODE_SIGN_IDENTITY = "iPhone Developer";
				COPY_PHASE_STRIP = NO;
				DEBUG_INFORMATION_FORMAT = dwarf;
				ENABLE_STRICT_OBJC_MSGSEND = YES;
				ENABLE_TESTABILITY = YES;
				GCC_C_LANGUAGE_STANDARD = gnu11;
				GCC_DYNAMIC_NO_PIC = NO;
				GCC_NO_COMMON_BLOCKS = YES;
				GCC_OPTIMIZATION_LEVEL = 0;
				GCC_PREPROCESSOR_DEFINITIONS = (
					"DEBUG=1",
					"$(inherited)",
				);
				GCC_WARN_64_TO_32_BIT_CONVERSION = YES;
				GCC_WARN_ABOUT_RETURN_TYPE = YES_ERROR;
				GCC_WARN_UNDECLARED_SELECTOR = YES;
				GCC_WARN_UNINITIALIZED_AUTOS = YES_AGGRESSIVE;
				GCC_WARN_UNUSED_FUNCTION = YES;
				GCC_WARN_UNUSED_VARIABLE = YES;
				IPHONEOS_DEPLOYMENT_TARGET = 11.2;
				MTL_ENABLE_DEBUG_INFO = YES;
				ONLY_ACTIVE_ARCH = YES;
				SDKROOT = iphoneos;
			};
			name = Debug;
		};
		8E60DD9220D101FA00307025 /* Release */ = {
			isa = XCBuildConfiguration;
			buildSettings = {
				ALWAYS_SEARCH_USER_PATHS = NO;
				CLANG_ANALYZER_NONNULL = YES;
				CLANG_ANALYZER_NUMBER_OBJECT_CONVERSION = YES_AGGRESSIVE;
				CLANG_CXX_LANGUAGE_STANDARD = "gnu++14";
				CLANG_CXX_LIBRARY = "libc++";
				CLANG_ENABLE_MODULES = YES;
				CLANG_ENABLE_OBJC_ARC = YES;
				CLANG_WARN_BLOCK_CAPTURE_AUTORELEASING = YES;
				CLANG_WARN_BOOL_CONVERSION = YES;
				CLANG_WARN_COMMA = YES;
				CLANG_WARN_CONSTANT_CONVERSION = YES;
				CLANG_WARN_DIRECT_OBJC_ISA_USAGE = YES_ERROR;
				CLANG_WARN_DOCUMENTATION_COMMENTS = YES;
				CLANG_WARN_EMPTY_BODY = YES;
				CLANG_WARN_ENUM_CONVERSION = YES;
				CLANG_WARN_INFINITE_RECURSION = YES;
				CLANG_WARN_INT_CONVERSION = YES;
				CLANG_WARN_NON_LITERAL_NULL_CONVERSION = YES;
				CLANG_WARN_OBJC_LITERAL_CONVERSION = YES;
				CLANG_WARN_OBJC_ROOT_CLASS = YES_ERROR;
				CLANG_WARN_RANGE_LOOP_ANALYSIS = YES;
				CLANG_WARN_STRICT_PROTOTYPES = YES;
				CLANG_WARN_SUSPICIOUS_MOVE = YES;
				CLANG_WARN_UNGUARDED_AVAILABILITY = YES_AGGRESSIVE;
				CLANG_WARN_UNREACHABLE_CODE = YES;
				CLANG_WARN__DUPLICATE_METHOD_MATCH = YES;
				CODE_SIGN_IDENTITY = "iPhone Developer";
				COPY_PHASE_STRIP = NO;
				DEBUG_INFORMATION_FORMAT = "dwarf-with-dsym";
				ENABLE_NS_ASSERTIONS = NO;
				ENABLE_STRICT_OBJC_MSGSEND = YES;
				GCC_C_LANGUAGE_STANDARD = gnu11;
				GCC_NO_COMMON_BLOCKS = YES;
				GCC_WARN_64_TO_32_BIT_CONVERSION = YES;
				GCC_WARN_ABOUT_RETURN_TYPE = YES_ERROR;
				GCC_WARN_UNDECLARED_SELECTOR = YES;
				GCC_WARN_UNINITIALIZED_AUTOS = YES_AGGRESSIVE;
				GCC_WARN_UNUSED_FUNCTION = YES;
				GCC_WARN_UNUSED_VARIABLE = YES;
				IPHONEOS_DEPLOYMENT_TARGET = 11.2;
				MTL_ENABLE_DEBUG_INFO = NO;
				SDKROOT = iphoneos;
				VALIDATE_PRODUCT = YES;
			};
			name = Release;
		};
		8E60DD9420D101FA00307025 /* Debug */ = {
			isa = XCBuildConfiguration;
			buildSettings = {
				ASSETCATALOG_COMPILER_APPICON_NAME = AppIcon;
				CODE_SIGN_STYLE = Automatic;
				DEVELOPMENT_TEAM = WT44JA8HJ5;
				INFOPLIST_FILE = TestReactNative/Info.plist;
				LD_RUNPATH_SEARCH_PATHS = "$(inherited) @executable_path/Frameworks";
				PRODUCT_BUNDLE_IDENTIFIER = com.centaline.TestReactNative;
				PRODUCT_NAME = "$(TARGET_NAME)";
				TARGETED_DEVICE_FAMILY = "1,2";
			};
			name = Debug;
		};
		8E60DD9520D101FA00307025 /* Release */ = {
			isa = XCBuildConfiguration;
			buildSettings = {
				ASSETCATALOG_COMPILER_APPICON_NAME = AppIcon;
				CODE_SIGN_STYLE = Automatic;
				DEVELOPMENT_TEAM = WT44JA8HJ5;
				INFOPLIST_FILE = TestReactNative/Info.plist;
				LD_RUNPATH_SEARCH_PATHS = "$(inherited) @executable_path/Frameworks";
				PRODUCT_BUNDLE_IDENTIFIER = com.centaline.TestReactNative;
				PRODUCT_NAME = "$(TARGET_NAME)";
				TARGETED_DEVICE_FAMILY = "1,2";
			};
			name = Release;
		};
/* End XCBuildConfiguration section */

/* Begin XCConfigurationList section */
		8E60DD7820D101F900307025 /* Build configuration list for PBXProject "TestReactNative" */ = {
			isa = XCConfigurationList;
			buildConfigurations = (
				8E60DD9120D101FA00307025 /* Debug */,
				8E60DD9220D101FA00307025 /* Release */,
			);
			defaultConfigurationIsVisible = 0;
			defaultConfigurationName = Release;
		};
		8E60DD9320D101FA00307025 /* Build configuration list for PBXNativeTarget "TestReactNative" */ = {
			isa = XCConfigurationList;
			buildConfigurations = (
				8E60DD9420D101FA00307025 /* Debug */,
				8E60DD9520D101FA00307025 /* Release */,
			);
			defaultConfigurationIsVisible = 0;
			defaultConfigurationName = Release;
		};
/* End XCConfigurationList section */
	};
	rootObject = 8E60DD7520D101F900307025 /* Project object */;
}
