// !$*UTF8*$!
{
	archiveVersion = 1;
	classes = {
	};
	objectVersion = 48;
	objects = {

/* Begin PBXBuildFile section */
		879D012C1FD0652E00430757 /* Main.storyboard in Resources */ = {isa = PBXBuildFile; fileRef = 879D012A1FD0652E00430757 /* Main.storyboard */; };
		879D012E1FD0652E00430757 /* Assets.xcassets in Resources */ = {isa = PBXBuildFile; fileRef = 879D012D1FD0652E00430757 /* Assets.xcassets */; };
		879D01311FD0652E00430757 /* LaunchScreen.storyboard in Resources */ = {isa = PBXBuildFile; fileRef = 879D012F1FD0652E00430757 /* LaunchScreen.storyboard */; };
		879D01341FD0652E00430757 /* main.m in Sources */ = {isa = PBXBuildFile; fileRef = 879D01331FD0652E00430757 /* main.m */; };
		8E8AD7811FFC81F600F7B02B /* WeakScriptMessageDelegate.m in Sources */ = {isa = PBXBuildFile; fileRef = 8E8AD7741FFC81F600F7B02B /* WeakScriptMessageDelegate.m */; };
		8E8AD7821FFC81F600F7B02B /* AppDelegate.m in Sources */ = {isa = PBXBuildFile; fileRef = 8E8AD7771FFC81F600F7B02B /* AppDelegate.m */; };
		8E8AD7831FFC81F600F7B02B /* test2.html in Resources */ = {isa = PBXBuildFile; fileRef = 8E8AD7791FFC81F600F7B02B /* test2.html */; };
		8E8AD7841FFC81F600F7B02B /* Test1ViewController.m in Sources */ = {isa = PBXBuildFile; fileRef = 8E8AD77A1FFC81F600F7B02B /* Test1ViewController.m */; };
		8E8AD7851FFC81F600F7B02B /* ViewController.m in Sources */ = {isa = PBXBuildFile; fileRef = 8E8AD77C1FFC81F600F7B02B /* ViewController.m */; };
		8E8AD7861FFC81F600F7B02B /* test.html in Resources */ = {isa = PBXBuildFile; fileRef = 8E8AD77D1FFC81F600F7B02B /* test.html */; };
		8E8AD7871FFC81F600F7B02B /* Test2ViewController.m in Sources */ = {isa = PBXBuildFile; fileRef = 8E8AD7801FFC81F600F7B02B /* Test2ViewController.m */; };
		8E8AD78B1FFC828C00F7B02B /* TestTableViewCell.m in Sources */ = {isa = PBXBuildFile; fileRef = 8E8AD78A1FFC828C00F7B02B /* TestTableViewCell.m */; };
		8E8AD78E1FFC82C000F7B02B /* TestWKWebViewController.m in Sources */ = {isa = PBXBuildFile; fileRef = 8E8AD78D1FFC82C000F7B02B /* TestWKWebViewController.m */; };
/* End PBXBuildFile section */

/* Begin PBXFileReference section */
		879D01211FD0652D00430757 /* TGJavaScriptOC.app */ = {isa = PBXFileReference; explicitFileType = wrapper.application; includeInIndex = 0; path = TGJavaScriptOC.app; sourceTree = BUILT_PRODUCTS_DIR; };
		879D012B1FD0652E00430757 /* Base */ = {isa = PBXFileReference; lastKnownFileType = file.storyboard; name = Base; path = Base.lproj/Main.storyboard; sourceTree = "<group>"; };
		879D012D1FD0652E00430757 /* Assets.xcassets */ = {isa = PBXFileReference; lastKnownFileType = folder.assetcatalog; path = Assets.xcassets; sourceTree = "<group>"; };
		879D01301FD0652E00430757 /* Base */ = {isa = PBXFileReference; lastKnownFileType = file.storyboard; name = Base; path = Base.lproj/LaunchScreen.storyboard; sourceTree = "<group>"; };
		879D01321FD0652E00430757 /* Info.plist */ = {isa = PBXFileReference; lastKnownFileType = text.plist.xml; path = Info.plist; sourceTree = "<group>"; };
		879D01331FD0652E00430757 /* main.m */ = {isa = PBXFileReference; lastKnownFileType = sourcecode.c.objc; path = main.m; sourceTree = "<group>"; };
		8E8AD7731FFC81F600F7B02B /* WeakScriptMessageDelegate.h */ = {isa = PBXFileReference; fileEncoding = 4; lastKnownFileType = sourcecode.c.h; path = WeakScriptMessageDelegate.h; sourceTree = "<group>"; };
		8E8AD7741FFC81F600F7B02B /* WeakScriptMessageDelegate.m */ = {isa = PBXFileReference; fileEncoding = 4; lastKnownFileType = sourcecode.c.objc; path = WeakScriptMessageDelegate.m; sourceTree = "<group>"; };
		8E8AD7761FFC81F600F7B02B /* AppDelegate.h */ = {isa = PBXFileReference; fileEncoding = 4; lastKnownFileType = sourcecode.c.h; path = AppDelegate.h; sourceTree = "<group>"; };
		8E8AD7771FFC81F600F7B02B /* AppDelegate.m */ = {isa = PBXFileReference; fileEncoding = 4; lastKnownFileType = sourcecode.c.objc; path = AppDelegate.m; sourceTree = "<group>"; };
		8E8AD7791FFC81F600F7B02B /* test2.html */ = {isa = PBXFileReference; fileEncoding = 4; lastKnownFileType = text.html; path = test2.html; sourceTree = "<group>"; };
		8E8AD77A1FFC81F600F7B02B /* Test1ViewController.m */ = {isa = PBXFileReference; fileEncoding = 4; lastKnownFileType = sourcecode.c.objc; path = Test1ViewController.m; sourceTree = "<group>"; };
		8E8AD77B1FFC81F600F7B02B /* Test2ViewController.h */ = {isa = PBXFileReference; fileEncoding = 4; lastKnownFileType = sourcecode.c.h; path = Test2ViewController.h; sourceTree = "<group>"; };
		8E8AD77C1FFC81F600F7B02B /* ViewController.m */ = {isa = PBXFileReference; fileEncoding = 4; lastKnownFileType = sourcecode.c.objc; path = ViewController.m; sourceTree = "<group>"; };
		8E8AD77D1FFC81F600F7B02B /* test.html */ = {isa = PBXFileReference; fileEncoding = 4; lastKnownFileType = text.html; path = test.html; sourceTree = "<group>"; };
		8E8AD77E1FFC81F600F7B02B /* Test1ViewController.h */ = {isa = PBXFileReference; fileEncoding = 4; lastKnownFileType = sourcecode.c.h; path = Test1ViewController.h; sourceTree = "<group>"; };
		8E8AD77F1FFC81F600F7B02B /* ViewController.h */ = {isa = PBXFileReference; fileEncoding = 4; lastKnownFileType = sourcecode.c.h; path = ViewController.h; sourceTree = "<group>"; };
		8E8AD7801FFC81F600F7B02B /* Test2ViewController.m */ = {isa = PBXFileReference; fileEncoding = 4; lastKnownFileType = sourcecode.c.objc; path = Test2ViewController.m; sourceTree = "<group>"; };
		8E8AD7891FFC828C00F7B02B /* TestTableViewCell.h */ = {isa = PBXFileReference; lastKnownFileType = sourcecode.c.h; path = TestTableViewCell.h; sourceTree = "<group>"; };
		8E8AD78A1FFC828C00F7B02B /* TestTableViewCell.m */ = {isa = PBXFileReference; lastKnownFileType = sourcecode.c.objc; path = TestTableViewCell.m; sourceTree = "<group>"; };
		8E8AD78C1FFC82C000F7B02B /* TestWKWebViewController.h */ = {isa = PBXFileReference; lastKnownFileType = sourcecode.c.h; path = TestWKWebViewController.h; sourceTree = "<group>"; };
		8E8AD78D1FFC82C000F7B02B /* TestWKWebViewController.m */ = {isa = PBXFileReference; lastKnownFileType = sourcecode.c.objc; path = TestWKWebViewController.m; sourceTree = "<group>"; };
/* End PBXFileReference section */

/* Begin PBXFrameworksBuildPhase section */
		879D011E1FD0652D00430757 /* Frameworks */ = {
			isa = PBXFrameworksBuildPhase;
			buildActionMask = 2147483647;
			files = (
			);
			runOnlyForDeploymentPostprocessing = 0;
		};
/* End PBXFrameworksBuildPhase section */

/* Begin PBXGroup section */
		879D01181FD0652D00430757 = {
			isa = PBXGroup;
			children = (
				879D01231FD0652D00430757 /* TGJavaScriptOC */,
				879D01221FD0652D00430757 /* Products */,
			);
			sourceTree = "<group>";
		};
		879D01221FD0652D00430757 /* Products */ = {
			isa = PBXGroup;
			children = (
				879D01211FD0652D00430757 /* TGJavaScriptOC.app */,
			);
			name = Products;
			sourceTree = "<group>";
		};
		879D01231FD0652D00430757 /* TGJavaScriptOC */ = {
			isa = PBXGroup;
			children = (
				8E8AD7711FFC81F600F7B02B /* Classes */,
				879D012A1FD0652E00430757 /* Main.storyboard */,
				879D012D1FD0652E00430757 /* Assets.xcassets */,
				879D012F1FD0652E00430757 /* LaunchScreen.storyboard */,
				879D01321FD0652E00430757 /* Info.plist */,
				879D01331FD0652E00430757 /* main.m */,
			);
			path = TGJavaScriptOC;
			sourceTree = "<group>";
		};
		8E8AD7711FFC81F600F7B02B /* Classes */ = {
			isa = PBXGroup;
			children = (
				8E8AD7881FFC827E00F7B02B /* View */,
				8E8AD7721FFC81F600F7B02B /* WeakDelegate */,
				8E8AD7751FFC81F600F7B02B /* Other */,
				8E8AD7781FFC81F600F7B02B /* ViewController */,
			);
			path = Classes;
			sourceTree = "<group>";
		};
		8E8AD7721FFC81F600F7B02B /* WeakDelegate */ = {
			isa = PBXGroup;
			children = (
				8E8AD7731FFC81F600F7B02B /* WeakScriptMessageDelegate.h */,
				8E8AD7741FFC81F600F7B02B /* WeakScriptMessageDelegate.m */,
			);
			path = WeakDelegate;
			sourceTree = "<group>";
		};
		8E8AD7751FFC81F600F7B02B /* Other */ = {
			isa = PBXGroup;
			children = (
				8E8AD7761FFC81F600F7B02B /* AppDelegate.h */,
				8E8AD7771FFC81F600F7B02B /* AppDelegate.m */,
			);
			path = Other;
			sourceTree = "<group>";
		};
		8E8AD7781FFC81F600F7B02B /* ViewController */ = {
			isa = PBXGroup;
			children = (
				8E8AD7791FFC81F600F7B02B /* test2.html */,
				8E8AD77A1FFC81F600F7B02B /* Test1ViewController.m */,
				8E8AD77B1FFC81F600F7B02B /* Test2ViewController.h */,
				8E8AD77C1FFC81F600F7B02B /* ViewController.m */,
				8E8AD77D1FFC81F600F7B02B /* test.html */,
				8E8AD77E1FFC81F600F7B02B /* Test1ViewController.h */,
				8E8AD77F1FFC81F600F7B02B /* ViewController.h */,
				8E8AD7801FFC81F600F7B02B /* Test2ViewController.m */,
				8E8AD78C1FFC82C000F7B02B /* TestWKWebViewController.h */,
				8E8AD78D1FFC82C000F7B02B /* TestWKWebViewController.m */,
			);
			path = ViewController;
			sourceTree = "<group>";
		};
		8E8AD7881FFC827E00F7B02B /* View */ = {
			isa = PBXGroup;
			children = (
				8E8AD7891FFC828C00F7B02B /* TestTableViewCell.h */,
				8E8AD78A1FFC828C00F7B02B /* TestTableViewCell.m */,
			);
			path = View;
			sourceTree = "<group>";
		};
/* End PBXGroup section */

/* Begin PBXNativeTarget section */
		879D01201FD0652D00430757 /* TGJavaScriptOC */ = {
			isa = PBXNativeTarget;
			buildConfigurationList = 879D01371FD0652E00430757 /* Build configuration list for PBXNativeTarget "TGJavaScriptOC" */;
			buildPhases = (
				879D011D1FD0652D00430757 /* Sources */,
				879D011E1FD0652D00430757 /* Frameworks */,
				879D011F1FD0652D00430757 /* Resources */,
			);
			buildRules = (
			);
			dependencies = (
			);
			name = TGJavaScriptOC;
			productName = TGJavaScriptOC;
			productReference = 879D01211FD0652D00430757 /* TGJavaScriptOC.app */;
			productType = "com.apple.product-type.application";
		};
/* End PBXNativeTarget section */

/* Begin PBXProject section */
		879D01191FD0652D00430757 /* Project object */ = {
			isa = PBXProject;
			attributes = {
				LastUpgradeCheck = 0910;
				ORGANIZATIONNAME = Imitations;
				TargetAttributes = {
					879D01201FD0652D00430757 = {
						CreatedOnToolsVersion = 9.1;
						ProvisioningStyle = Automatic;
					};
				};
			};
			buildConfigurationList = 879D011C1FD0652D00430757 /* Build configuration list for PBXProject "TGJavaScriptOC" */;
			compatibilityVersion = "Xcode 8.0";
			developmentRegion = en;
			hasScannedForEncodings = 0;
			knownRegions = (
				en,
				Base,
			);
			mainGroup = 879D01181FD0652D00430757;
			productRefGroup = 879D01221FD0652D00430757 /* Products */;
			projectDirPath = "";
			projectRoot = "";
			targets = (
				879D01201FD0652D00430757 /* TGJavaScriptOC */,
			);
		};
/* End PBXProject section */

/* Begin PBXResourcesBuildPhase section */
		879D011F1FD0652D00430757 /* Resources */ = {
			isa = PBXResourcesBuildPhase;
			buildActionMask = 2147483647;
			files = (
				879D01311FD0652E00430757 /* LaunchScreen.storyboard in Resources */,
				879D012E1FD0652E00430757 /* Assets.xcassets in Resources */,
				879D012C1FD0652E00430757 /* Main.storyboard in Resources */,
				8E8AD7861FFC81F600F7B02B /* test.html in Resources */,
				8E8AD7831FFC81F600F7B02B /* test2.html in Resources */,
			);
			runOnlyForDeploymentPostprocessing = 0;
		};
/* End PBXResourcesBuildPhase section */

/* Begin PBXSourcesBuildPhase section */
		879D011D1FD0652D00430757 /* Sources */ = {
			isa = PBXSourcesBuildPhase;
			buildActionMask = 2147483647;
			files = (
				8E8AD78B1FFC828C00F7B02B /* TestTableViewCell.m in Sources */,
				8E8AD7841FFC81F600F7B02B /* Test1ViewController.m in Sources */,
				879D01341FD0652E00430757 /* main.m in Sources */,
				8E8AD78E1FFC82C000F7B02B /* TestWKWebViewController.m in Sources */,
				8E8AD7811FFC81F600F7B02B /* WeakScriptMessageDelegate.m in Sources */,
				8E8AD7871FFC81F600F7B02B /* Test2ViewController.m in Sources */,
				8E8AD7821FFC81F600F7B02B /* AppDelegate.m in Sources */,
				8E8AD7851FFC81F600F7B02B /* ViewController.m in Sources */,
			);
			runOnlyForDeploymentPostprocessing = 0;
		};
/* End PBXSourcesBuildPhase section */

/* Begin PBXVariantGroup section */
		879D012A1FD0652E00430757 /* Main.storyboard */ = {
			isa = PBXVariantGroup;
			children = (
				879D012B1FD0652E00430757 /* Base */,
			);
			name = Main.storyboard;
			sourceTree = "<group>";
		};
		879D012F1FD0652E00430757 /* LaunchScreen.storyboard */ = {
			isa = PBXVariantGroup;
			children = (
				879D01301FD0652E00430757 /* Base */,
			);
			name = LaunchScreen.storyboard;
			sourceTree = "<group>";
		};
/* End PBXVariantGroup section */

/* Begin XCBuildConfiguration section */
		879D01351FD0652E00430757 /* Debug */ = {
			isa = XCBuildConfiguration;
			buildSettings = {
				ALWAYS_SEARCH_USER_PATHS = NO;
				CLANG_ANALYZER_NONNULL = YES;
				CLANG_ANALYZER_NUMBER_OBJECT_CONVERSION = YES_AGGRESSIVE;
				CLANG_CXX_LANGUAGE_STANDARD = "gnu++14";
				CLANG_CXX_LIBRARY = "libc++";
				CLANG_ENABLE_MODULES = YES;
				CLANG_ENABLE_OBJC_ARC = YES;
				CLANG_WARN_BLOCK_CAPTURE_AUTORELEASING = YES;
				CLANG_WARN_BOOL_CONVERSION = YES;
				CLANG_WARN_COMMA = YES;
				CLANG_WARN_CONSTANT_CONVERSION = YES;
				CLANG_WARN_DIRECT_OBJC_ISA_USAGE = YES_ERROR;
				CLANG_WARN_DOCUMENTATION_COMMENTS = YES;
				CLANG_WARN_EMPTY_BODY = YES;
				CLANG_WARN_ENUM_CONVERSION = YES;
				CLANG_WARN_INFINITE_RECURSION = YES;
				CLANG_WARN_INT_CONVERSION = YES;
				CLANG_WARN_NON_LITERAL_NULL_CONVERSION = YES;
				CLANG_WARN_OBJC_LITERAL_CONVERSION = YES;
				CLANG_WARN_OBJC_ROOT_CLASS = YES_ERROR;
				CLANG_WARN_RANGE_LOOP_ANALYSIS = YES;
				CLANG_WARN_STRICT_PROTOTYPES = YES;
				CLANG_WARN_SUSPICIOUS_MOVE = YES;
				CLANG_WARN_UNGUARDED_AVAILABILITY = YES_AGGRESSIVE;
				CLANG_WARN_UNREACHABLE_CODE = YES;
				CLANG_WARN__DUPLICATE_METHOD_MATCH = YES;
				CODE_SIGN_IDENTITY = "iPhone Developer";
				COPY_PHASE_STRIP = NO;
				DEBUG_INFORMATION_FORMAT = dwarf;
				ENABLE_STRICT_OBJC_MSGSEND = YES;
				ENABLE_TESTABILITY = YES;
				GCC_C_LANGUAGE_STANDARD = gnu11;
				GCC_DYNAMIC_NO_PIC = NO;
				GCC_NO_COMMON_BLOCKS = YES;
				GCC_OPTIMIZATION_LEVEL = 0;
				GCC_PREPROCESSOR_DEFINITIONS = (
					"DEBUG=1",
					"$(inherited)",
				);
				GCC_WARN_64_TO_32_BIT_CONVERSION = YES;
				GCC_WARN_ABOUT_RETURN_TYPE = YES_ERROR;
				GCC_WARN_UNDECLARED_SELECTOR = YES;
				GCC_WARN_UNINITIALIZED_AUTOS = YES_AGGRESSIVE;
				GCC_WARN_UNUSED_FUNCTION = YES;
				GCC_WARN_UNUSED_VARIABLE = YES;
				IPHONEOS_DEPLOYMENT_TARGET = 11.1;
				MTL_ENABLE_DEBUG_INFO = YES;
				ONLY_ACTIVE_ARCH = YES;
				SDKROOT = iphoneos;
			};
			name = Debug;
		};
		879D01361FD0652E00430757 /* Release */ = {
			isa = XCBuildConfiguration;
			buildSettings = {
				ALWAYS_SEARCH_USER_PATHS = NO;
				CLANG_ANALYZER_NONNULL = YES;
				CLANG_ANALYZER_NUMBER_OBJECT_CONVERSION = YES_AGGRESSIVE;
				CLANG_CXX_LANGUAGE_STANDARD = "gnu++14";
				CLANG_CXX_LIBRARY = "libc++";
				CLANG_ENABLE_MODULES = YES;
				CLANG_ENABLE_OBJC_ARC = YES;
				CLANG_WARN_BLOCK_CAPTURE_AUTORELEASING = YES;
				CLANG_WARN_BOOL_CONVERSION = YES;
				CLANG_WARN_COMMA = YES;
				CLANG_WARN_CONSTANT_CONVERSION = YES;
				CLANG_WARN_DIRECT_OBJC_ISA_USAGE = YES_ERROR;
				CLANG_WARN_DOCUMENTATION_COMMENTS = YES;
				CLANG_WARN_EMPTY_BODY = YES;
				CLANG_WARN_ENUM_CONVERSION = YES;
				CLANG_WARN_INFINITE_RECURSION = YES;
				CLANG_WARN_INT_CONVERSION = YES;
				CLANG_WARN_NON_LITERAL_NULL_CONVERSION = YES;
				CLANG_WARN_OBJC_LITERAL_CONVERSION = YES;
				CLANG_WARN_OBJC_ROOT_CLASS = YES_ERROR;
				CLANG_WARN_RANGE_LOOP_ANALYSIS = YES;
				CLANG_WARN_STRICT_PROTOTYPES = YES;
				CLANG_WARN_SUSPICIOUS_MOVE = YES;
				CLANG_WARN_UNGUARDED_AVAILABILITY = YES_AGGRESSIVE;
				CLANG_WARN_UNREACHABLE_CODE = YES;
				CLANG_WARN__DUPLICATE_METHOD_MATCH = YES;
				CODE_SIGN_IDENTITY = "iPhone Developer";
				COPY_PHASE_STRIP = NO;
				DEBUG_INFORMATION_FORMAT = "dwarf-with-dsym";
				ENABLE_NS_ASSERTIONS = NO;
				ENABLE_STRICT_OBJC_MSGSEND = YES;
				GCC_C_LANGUAGE_STANDARD = gnu11;
				GCC_NO_COMMON_BLOCKS = YES;
				GCC_WARN_64_TO_32_BIT_CONVERSION = YES;
				GCC_WARN_ABOUT_RETURN_TYPE = YES_ERROR;
				GCC_WARN_UNDECLARED_SELECTOR = YES;
				GCC_WARN_UNINITIALIZED_AUTOS = YES_AGGRESSIVE;
				GCC_WARN_UNUSED_FUNCTION = YES;
				GCC_WARN_UNUSED_VARIABLE = YES;
				IPHONEOS_DEPLOYMENT_TARGET = 11.1;
				MTL_ENABLE_DEBUG_INFO = NO;
				SDKROOT = iphoneos;
				VALIDATE_PRODUCT = YES;
			};
			name = Release;
		};
		879D01381FD0652E00430757 /* Debug */ = {
			isa = XCBuildConfiguration;
			buildSettings = {
				ASSETCATALOG_COMPILER_APPICON_NAME = AppIcon;
				CODE_SIGN_STYLE = Automatic;
				DEVELOPMENT_TEAM = WT44JA8HJ5;
				INFOPLIST_FILE = TGJavaScriptOC/Info.plist;
				LD_RUNPATH_SEARCH_PATHS = "$(inherited) @executable_path/Frameworks";
				PRODUCT_BUNDLE_IDENTIFIER = IM.TGJavaScriptOC;
				PRODUCT_NAME = "$(TARGET_NAME)";
				TARGETED_DEVICE_FAMILY = "1,2";
			};
			name = Debug;
		};
		879D01391FD0652E00430757 /* Release */ = {
			isa = XCBuildConfiguration;
			buildSettings = {
				ASSETCATALOG_COMPILER_APPICON_NAME = AppIcon;
				CODE_SIGN_STYLE = Automatic;
				DEVELOPMENT_TEAM = WT44JA8HJ5;
				INFOPLIST_FILE = TGJavaScriptOC/Info.plist;
				LD_RUNPATH_SEARCH_PATHS = "$(inherited) @executable_path/Frameworks";
				PRODUCT_BUNDLE_IDENTIFIER = IM.TGJavaScriptOC;
				PRODUCT_NAME = "$(TARGET_NAME)";
				TARGETED_DEVICE_FAMILY = "1,2";
			};
			name = Release;
		};
/* End XCBuildConfiguration section */

/* Begin XCConfigurationList section */
		879D011C1FD0652D00430757 /* Build configuration list for PBXProject "TGJavaScriptOC" */ = {
			isa = XCConfigurationList;
			buildConfigurations = (
				879D01351FD0652E00430757 /* Debug */,
				879D01361FD0652E00430757 /* Release */,
			);
			defaultConfigurationIsVisible = 0;
			defaultConfigurationName = Release;
		};
		879D01371FD0652E00430757 /* Build configuration list for PBXNativeTarget "TGJavaScriptOC" */ = {
			isa = XCConfigurationList;
			buildConfigurations = (
				879D01381FD0652E00430757 /* Debug */,
				879D01391FD0652E00430757 /* Release */,
			);
			defaultConfigurationIsVisible = 0;
			defaultConfigurationName = Release;
		};
/* End XCConfigurationList section */
	};
	rootObject = 879D01191FD0652D00430757 /* Project object */;
}
