PODS:
  - FMDB (2.6.2):
    - FMDB/standard (= 2.6.2)
  - FMDB/standard (2.6.2)
  - GYDataCenter (0.1.1):
    - FMDB
  - YYCache (1.0.4)

DEPENDENCIES:
  - FMDB (~> 2.6.2)
  - GYDataCenter (~> 0.1.1)
  - YYCache (~> 1.0.4)

SPEC CHECKSUMS:
  FMDB: 854a0341b4726e53276f2a8996f06f1b80f9259a
  GYDataCenter: 620dc2564589f50d2370a691303e0d7215f7c0af
  YYCache: 8105b6638f5e849296c71f331ff83891a4942952

PODFILE CHECKSUM: 11bb426a8c37076ad344997c2f45a731c9566989

COCOAPODS: 1.4.0
