PODS:
  - FMDB (2.6.2):
    - FMDB/standard (= 2.6.2)
  - FMDB/standard (2.6.2)
  - GYDataCenter (0.1.1):
    - FMDB
  - MJExtension (3.0.15)
  - YYCache (1.0.4)

DEPENDENCIES:
  - FMDB (~> 2.6.2)
  - GYDataCenter (~> 0.1.1)
  - MJExtension
  - YYCache (~> 1.0.4)

SPEC CHECKSUMS:
  FMDB: 854a0341b4726e53276f2a8996f06f1b80f9259a
  GYDataCenter: 620dc2564589f50d2370a691303e0d7215f7c0af
  MJExtension: 3f039575db1b135a20699ad298713b26acec1528
  YYCache: 8105b6638f5e849296c71f331ff83891a4942952

PODFILE CHECKSUM: cd7dde4d36341ddebd73b748d6db03bb84cede5e

COCOAPODS: 1.4.0
