// !$*UTF8*$!
{
	archiveVersion = 1;
	classes = {
	};
	objectVersion = 48;
	objects = {

/* Begin PBXBuildFile section */
		3E2B174816EA5E233E969C29 /* libPods-TGTestKit.a in Frameworks */ = {isa = PBXBuildFile; fileRef = F2CEF0B4BDF6AF068A9EBAF7 /* libPods-TGTestKit.a */; };
		8E1936D91FEBA6DB0080E4CC /* Main.storyboard in Resources */ = {isa = PBXBuildFile; fileRef = 8E1936D71FEBA6DB0080E4CC /* Main.storyboard */; };
		8E1936DB1FEBA6DB0080E4CC /* Assets.xcassets in Resources */ = {isa = PBXBuildFile; fileRef = 8E1936DA1FEBA6DB0080E4CC /* Assets.xcassets */; };
		8E1936DE1FEBA6DB0080E4CC /* LaunchScreen.storyboard in Resources */ = {isa = PBXBuildFile; fileRef = 8E1936DC1FEBA6DB0080E4CC /* LaunchScreen.storyboard */; };
		8E1936E11FEBA6DB0080E4CC /* main.m in Sources */ = {isa = PBXBuildFile; fileRef = 8E1936E01FEBA6DB0080E4CC /* main.m */; };
		8E1937231FEBD71E0080E4CC /* PKProtocolExtension.m in Sources */ = {isa = PBXBuildFile; fileRef = 8E1937141FEBD71E0080E4CC /* PKProtocolExtension.m */; };
		8E1937241FEBD71E0080E4CC /* AppDelegate.m in Sources */ = {isa = PBXBuildFile; fileRef = 8E1937191FEBD71E0080E4CC /* AppDelegate.m */; };
		8E1937251FEBD71E0080E4CC /* ViewController.m in Sources */ = {isa = PBXBuildFile; fileRef = 8E19371D1FEBD71E0080E4CC /* ViewController.m */; };
		8E1937261FEBD71E0080E4CC /* Model.m in Sources */ = {isa = PBXBuildFile; fileRef = 8E1937201FEBD71E0080E4CC /* Model.m */; };
		8E6DB58220ECBC31007C5BE5 /* TestView.m in Sources */ = {isa = PBXBuildFile; fileRef = 8E6DB58120ECBC31007C5BE5 /* TestView.m */; };
		8E6DB58420ECBC3F007C5BE5 /* TestView.xib in Resources */ = {isa = PBXBuildFile; fileRef = 8E6DB58320ECBC3F007C5BE5 /* TestView.xib */; };
		8E75A72F1FECA92A0021F02E /* DestinationHeaderSectionDelegate.m in Sources */ = {isa = PBXBuildFile; fileRef = 8E75A72E1FECA92A0021F02E /* DestinationHeaderSectionDelegate.m */; };
		8E75A7351FECB7170021F02E /* UITableViewCell+Extension.m in Sources */ = {isa = PBXBuildFile; fileRef = 8E75A7341FECB7170021F02E /* UITableViewCell+Extension.m */; };
		8EB101551FF08FCB00866C21 /* TGBaseDelegate.m in Sources */ = {isa = PBXBuildFile; fileRef = 8EB101541FF08FCB00866C21 /* TGBaseDelegate.m */; };
		8EB101581FF094D400866C21 /* PropagatingDelegate.m in Sources */ = {isa = PBXBuildFile; fileRef = 8EB101571FF094D400866C21 /* PropagatingDelegate.m */; };
		8EB1015B1FF0DAFC00866C21 /* TGBareDelegate.m in Sources */ = {isa = PBXBuildFile; fileRef = 8EB1015A1FF0DAFC00866C21 /* TGBareDelegate.m */; };
		8EB1015E1FF0DC6100866C21 /* TGRootDelegate.m in Sources */ = {isa = PBXBuildFile; fileRef = 8EB1015D1FF0DC6100866C21 /* TGRootDelegate.m */; };
		8EB101611FF0DF3B00866C21 /* TGSectionDelegate.m in Sources */ = {isa = PBXBuildFile; fileRef = 8EB101601FF0DF3B00866C21 /* TGSectionDelegate.m */; };
		8EB101641FF0E74A00866C21 /* DetailViewController.m in Sources */ = {isa = PBXBuildFile; fileRef = 8EB101631FF0E74A00866C21 /* DetailViewController.m */; };
		8EB1016C1FF0E96D00866C21 /* SectionHeaderView.m in Sources */ = {isa = PBXBuildFile; fileRef = 8EB1016B1FF0E96D00866C21 /* SectionHeaderView.m */; };
		8EB1016E1FF0E97800866C21 /* SectionHeaderView.xib in Resources */ = {isa = PBXBuildFile; fileRef = 8EB1016D1FF0E97800866C21 /* SectionHeaderView.xib */; };
		8EB101711FF0EF2900866C21 /* ReviewSectionFooterView.m in Sources */ = {isa = PBXBuildFile; fileRef = 8EB101701FF0EF2900866C21 /* ReviewSectionFooterView.m */; };
		8EB101731FF0EF3E00866C21 /* ReviewSectionFooterView.xib in Resources */ = {isa = PBXBuildFile; fileRef = 8EB101721FF0EF3E00866C21 /* ReviewSectionFooterView.xib */; };
		8EB101761FF0FBC000866C21 /* EmptyCOntentView.m in Sources */ = {isa = PBXBuildFile; fileRef = 8EB101751FF0FBC000866C21 /* EmptyCOntentView.m */; };
		8EB101781FF0FBCE00866C21 /* EmptyContentView.xib in Resources */ = {isa = PBXBuildFile; fileRef = 8EB101771FF0FBCE00866C21 /* EmptyContentView.xib */; };
		8EB1017B1FF0FC9A00866C21 /* DestinationViewModel.m in Sources */ = {isa = PBXBuildFile; fileRef = 8EB1017A1FF0FC9A00866C21 /* DestinationViewModel.m */; };
		8EB1017E1FF104C300866C21 /* DestinationReviewUserRowViewModel.m in Sources */ = {isa = PBXBuildFile; fileRef = 8EB1017D1FF104C300866C21 /* DestinationReviewUserRowViewModel.m */; };
/* End PBXBuildFile section */

/* Begin PBXFileReference section */
		0C2F5947A25AC9AAA1A76A1B /* Pods-TGTestKit.debug.xcconfig */ = {isa = PBXFileReference; includeInIndex = 1; lastKnownFileType = text.xcconfig; name = "Pods-TGTestKit.debug.xcconfig"; path = "Pods/Target Support Files/Pods-TGTestKit/Pods-TGTestKit.debug.xcconfig"; sourceTree = "<group>"; };
		6C22CE4D8A01A9C96A230AC5 /* Pods-TGTestKit.release.xcconfig */ = {isa = PBXFileReference; includeInIndex = 1; lastKnownFileType = text.xcconfig; name = "Pods-TGTestKit.release.xcconfig"; path = "Pods/Target Support Files/Pods-TGTestKit/Pods-TGTestKit.release.xcconfig"; sourceTree = "<group>"; };
		8E1936CE1FEBA6DB0080E4CC /* TGTestKit.app */ = {isa = PBXFileReference; explicitFileType = wrapper.application; includeInIndex = 0; path = TGTestKit.app; sourceTree = BUILT_PRODUCTS_DIR; };
		8E1936D81FEBA6DB0080E4CC /* Base */ = {isa = PBXFileReference; lastKnownFileType = file.storyboard; name = Base; path = Base.lproj/Main.storyboard; sourceTree = "<group>"; };
		8E1936DA1FEBA6DB0080E4CC /* Assets.xcassets */ = {isa = PBXFileReference; lastKnownFileType = folder.assetcatalog; path = Assets.xcassets; sourceTree = "<group>"; };
		8E1936DD1FEBA6DB0080E4CC /* Base */ = {isa = PBXFileReference; lastKnownFileType = file.storyboard; name = Base; path = Base.lproj/LaunchScreen.storyboard; sourceTree = "<group>"; };
		8E1936DF1FEBA6DB0080E4CC /* Info.plist */ = {isa = PBXFileReference; lastKnownFileType = text.plist.xml; path = Info.plist; sourceTree = "<group>"; };
		8E1936E01FEBA6DB0080E4CC /* main.m */ = {isa = PBXFileReference; lastKnownFileType = sourcecode.c.objc; path = main.m; sourceTree = "<group>"; };
		8E1937141FEBD71E0080E4CC /* PKProtocolExtension.m */ = {isa = PBXFileReference; fileEncoding = 4; lastKnownFileType = sourcecode.c.objc; path = PKProtocolExtension.m; sourceTree = "<group>"; };
		8E1937151FEBD71E0080E4CC /* PKProtocolExtension.h */ = {isa = PBXFileReference; fileEncoding = 4; lastKnownFileType = sourcecode.c.h; path = PKProtocolExtension.h; sourceTree = "<group>"; };
		8E1937161FEBD71E0080E4CC /* ProtocolKit.h */ = {isa = PBXFileReference; fileEncoding = 4; lastKnownFileType = sourcecode.c.h; path = ProtocolKit.h; sourceTree = "<group>"; };
		8E1937181FEBD71E0080E4CC /* AppDelegate.h */ = {isa = PBXFileReference; fileEncoding = 4; lastKnownFileType = sourcecode.c.h; path = AppDelegate.h; sourceTree = "<group>"; };
		8E1937191FEBD71E0080E4CC /* AppDelegate.m */ = {isa = PBXFileReference; fileEncoding = 4; lastKnownFileType = sourcecode.c.objc; path = AppDelegate.m; sourceTree = "<group>"; };
		8E19371B1FEBD71E0080E4CC /* TestProtocol.h */ = {isa = PBXFileReference; fileEncoding = 4; lastKnownFileType = sourcecode.c.h; path = TestProtocol.h; sourceTree = "<group>"; };
		8E19371D1FEBD71E0080E4CC /* ViewController.m */ = {isa = PBXFileReference; fileEncoding = 4; lastKnownFileType = sourcecode.c.objc; path = ViewController.m; sourceTree = "<group>"; };
		8E19371E1FEBD71E0080E4CC /* ViewController.h */ = {isa = PBXFileReference; fileEncoding = 4; lastKnownFileType = sourcecode.c.h; path = ViewController.h; sourceTree = "<group>"; };
		8E1937201FEBD71E0080E4CC /* Model.m */ = {isa = PBXFileReference; fileEncoding = 4; lastKnownFileType = sourcecode.c.objc; path = Model.m; sourceTree = "<group>"; };
		8E1937211FEBD71E0080E4CC /* Model.h */ = {isa = PBXFileReference; fileEncoding = 4; lastKnownFileType = sourcecode.c.h; path = Model.h; sourceTree = "<group>"; };
		8E6DB58020ECBC31007C5BE5 /* TestView.h */ = {isa = PBXFileReference; lastKnownFileType = sourcecode.c.h; path = TestView.h; sourceTree = "<group>"; };
		8E6DB58120ECBC31007C5BE5 /* TestView.m */ = {isa = PBXFileReference; lastKnownFileType = sourcecode.c.objc; path = TestView.m; sourceTree = "<group>"; };
		8E6DB58320ECBC3F007C5BE5 /* TestView.xib */ = {isa = PBXFileReference; lastKnownFileType = file.xib; path = TestView.xib; sourceTree = "<group>"; };
		8E75A72D1FECA92A0021F02E /* DestinationHeaderSectionDelegate.h */ = {isa = PBXFileReference; lastKnownFileType = sourcecode.c.h; path = DestinationHeaderSectionDelegate.h; sourceTree = "<group>"; };
		8E75A72E1FECA92A0021F02E /* DestinationHeaderSectionDelegate.m */ = {isa = PBXFileReference; lastKnownFileType = sourcecode.c.objc; path = DestinationHeaderSectionDelegate.m; sourceTree = "<group>"; };
		8E75A7331FECB7170021F02E /* UITableViewCell+Extension.h */ = {isa = PBXFileReference; lastKnownFileType = sourcecode.c.h; path = "UITableViewCell+Extension.h"; sourceTree = "<group>"; };
		8E75A7341FECB7170021F02E /* UITableViewCell+Extension.m */ = {isa = PBXFileReference; lastKnownFileType = sourcecode.c.objc; path = "UITableViewCell+Extension.m"; sourceTree = "<group>"; };
		8EB101531FF08FCB00866C21 /* TGBaseDelegate.h */ = {isa = PBXFileReference; lastKnownFileType = sourcecode.c.h; path = TGBaseDelegate.h; sourceTree = "<group>"; };
		8EB101541FF08FCB00866C21 /* TGBaseDelegate.m */ = {isa = PBXFileReference; lastKnownFileType = sourcecode.c.objc; path = TGBaseDelegate.m; sourceTree = "<group>"; };
		8EB101561FF094D400866C21 /* PropagatingDelegate.h */ = {isa = PBXFileReference; lastKnownFileType = sourcecode.c.h; path = PropagatingDelegate.h; sourceTree = "<group>"; };
		8EB101571FF094D400866C21 /* PropagatingDelegate.m */ = {isa = PBXFileReference; lastKnownFileType = sourcecode.c.objc; path = PropagatingDelegate.m; sourceTree = "<group>"; };
		8EB101591FF0DAFC00866C21 /* TGBareDelegate.h */ = {isa = PBXFileReference; lastKnownFileType = sourcecode.c.h; path = TGBareDelegate.h; sourceTree = "<group>"; };
		8EB1015A1FF0DAFC00866C21 /* TGBareDelegate.m */ = {isa = PBXFileReference; lastKnownFileType = sourcecode.c.objc; path = TGBareDelegate.m; sourceTree = "<group>"; };
		8EB1015C1FF0DC6100866C21 /* TGRootDelegate.h */ = {isa = PBXFileReference; lastKnownFileType = sourcecode.c.h; path = TGRootDelegate.h; sourceTree = "<group>"; };
		8EB1015D1FF0DC6100866C21 /* TGRootDelegate.m */ = {isa = PBXFileReference; lastKnownFileType = sourcecode.c.objc; path = TGRootDelegate.m; sourceTree = "<group>"; };
		8EB1015F1FF0DF3B00866C21 /* TGSectionDelegate.h */ = {isa = PBXFileReference; lastKnownFileType = sourcecode.c.h; path = TGSectionDelegate.h; sourceTree = "<group>"; };
		8EB101601FF0DF3B00866C21 /* TGSectionDelegate.m */ = {isa = PBXFileReference; lastKnownFileType = sourcecode.c.objc; path = TGSectionDelegate.m; sourceTree = "<group>"; };
		8EB101621FF0E74A00866C21 /* DetailViewController.h */ = {isa = PBXFileReference; lastKnownFileType = sourcecode.c.h; path = DetailViewController.h; sourceTree = "<group>"; };
		8EB101631FF0E74A00866C21 /* DetailViewController.m */ = {isa = PBXFileReference; lastKnownFileType = sourcecode.c.objc; path = DetailViewController.m; sourceTree = "<group>"; };
		8EB1016A1FF0E96D00866C21 /* SectionHeaderView.h */ = {isa = PBXFileReference; lastKnownFileType = sourcecode.c.h; path = SectionHeaderView.h; sourceTree = "<group>"; };
		8EB1016B1FF0E96D00866C21 /* SectionHeaderView.m */ = {isa = PBXFileReference; lastKnownFileType = sourcecode.c.objc; path = SectionHeaderView.m; sourceTree = "<group>"; };
		8EB1016D1FF0E97800866C21 /* SectionHeaderView.xib */ = {isa = PBXFileReference; lastKnownFileType = file.xib; path = SectionHeaderView.xib; sourceTree = "<group>"; };
		8EB1016F1FF0EF2900866C21 /* ReviewSectionFooterView.h */ = {isa = PBXFileReference; lastKnownFileType = sourcecode.c.h; path = ReviewSectionFooterView.h; sourceTree = "<group>"; };
		8EB101701FF0EF2900866C21 /* ReviewSectionFooterView.m */ = {isa = PBXFileReference; lastKnownFileType = sourcecode.c.objc; path = ReviewSectionFooterView.m; sourceTree = "<group>"; };
		8EB101721FF0EF3E00866C21 /* ReviewSectionFooterView.xib */ = {isa = PBXFileReference; lastKnownFileType = file.xib; path = ReviewSectionFooterView.xib; sourceTree = "<group>"; };
		8EB101741FF0FBC000866C21 /* EmptyCOntentView.h */ = {isa = PBXFileReference; lastKnownFileType = sourcecode.c.h; path = EmptyCOntentView.h; sourceTree = "<group>"; };
		8EB101751FF0FBC000866C21 /* EmptyCOntentView.m */ = {isa = PBXFileReference; lastKnownFileType = sourcecode.c.objc; path = EmptyCOntentView.m; sourceTree = "<group>"; };
		8EB101771FF0FBCE00866C21 /* EmptyContentView.xib */ = {isa = PBXFileReference; lastKnownFileType = file.xib; path = EmptyContentView.xib; sourceTree = "<group>"; };
		8EB101791FF0FC9A00866C21 /* DestinationViewModel.h */ = {isa = PBXFileReference; lastKnownFileType = sourcecode.c.h; path = DestinationViewModel.h; sourceTree = "<group>"; };
		8EB1017A1FF0FC9A00866C21 /* DestinationViewModel.m */ = {isa = PBXFileReference; lastKnownFileType = sourcecode.c.objc; path = DestinationViewModel.m; sourceTree = "<group>"; };
		8EB1017C1FF104C300866C21 /* DestinationReviewUserRowViewModel.h */ = {isa = PBXFileReference; lastKnownFileType = sourcecode.c.h; path = DestinationReviewUserRowViewModel.h; sourceTree = "<group>"; };
		8EB1017D1FF104C300866C21 /* DestinationReviewUserRowViewModel.m */ = {isa = PBXFileReference; lastKnownFileType = sourcecode.c.objc; path = DestinationReviewUserRowViewModel.m; sourceTree = "<group>"; };
		F2CEF0B4BDF6AF068A9EBAF7 /* libPods-TGTestKit.a */ = {isa = PBXFileReference; explicitFileType = archive.ar; includeInIndex = 0; path = "libPods-TGTestKit.a"; sourceTree = BUILT_PRODUCTS_DIR; };
/* End PBXFileReference section */

/* Begin PBXFrameworksBuildPhase section */
		8E1936CB1FEBA6DB0080E4CC /* Frameworks */ = {
			isa = PBXFrameworksBuildPhase;
			buildActionMask = 2147483647;
			files = (
				3E2B174816EA5E233E969C29 /* libPods-TGTestKit.a in Frameworks */,
			);
			runOnlyForDeploymentPostprocessing = 0;
		};
/* End PBXFrameworksBuildPhase section */

/* Begin PBXGroup section */
		39C9A712BFC444687FACF27E /* Frameworks */ = {
			isa = PBXGroup;
			children = (
				F2CEF0B4BDF6AF068A9EBAF7 /* libPods-TGTestKit.a */,
			);
			name = Frameworks;
			sourceTree = "<group>";
		};
		8E1936C51FEBA6DB0080E4CC = {
			isa = PBXGroup;
			children = (
				8E1936D01FEBA6DB0080E4CC /* TGTestKit */,
				8E1936CF1FEBA6DB0080E4CC /* Products */,
				C98756B03017540A1F0E2FC0 /* Pods */,
				39C9A712BFC444687FACF27E /* Frameworks */,
			);
			sourceTree = "<group>";
		};
		8E1936CF1FEBA6DB0080E4CC /* Products */ = {
			isa = PBXGroup;
			children = (
				8E1936CE1FEBA6DB0080E4CC /* TGTestKit.app */,
			);
			name = Products;
			sourceTree = "<group>";
		};
		8E1936D01FEBA6DB0080E4CC /* TGTestKit */ = {
			isa = PBXGroup;
			children = (
				8E1937111FEBD71E0080E4CC /* Classes */,
				8E1936D71FEBA6DB0080E4CC /* Main.storyboard */,
				8E1936DA1FEBA6DB0080E4CC /* Assets.xcassets */,
				8E1936DC1FEBA6DB0080E4CC /* LaunchScreen.storyboard */,
				8E1936DF1FEBA6DB0080E4CC /* Info.plist */,
				8E1936E01FEBA6DB0080E4CC /* main.m */,
			);
			path = TGTestKit;
			sourceTree = "<group>";
		};
		8E1937111FEBD71E0080E4CC /* Classes */ = {
			isa = PBXGroup;
			children = (
				8EB101521FF08FB400866C21 /* BaseDelegates */,
				8E75A7321FECB6F80021F02E /* Category */,
				8E75A7301FECAF810021F02E /* ViewModel */,
				8E75A72C1FECA9090021F02E /* SectionDelegates */,
				8E1937121FEBD71E0080E4CC /* Vendors */,
				8E1937171FEBD71E0080E4CC /* Other */,
				8E19371A1FEBD71E0080E4CC /* Protocol */,
				8E19371C1FEBD71E0080E4CC /* Controller */,
				8E19371F1FEBD71E0080E4CC /* Model */,
				8E1937221FEBD71E0080E4CC /* View */,
			);
			path = Classes;
			sourceTree = "<group>";
		};
		8E1937121FEBD71E0080E4CC /* Vendors */ = {
			isa = PBXGroup;
			children = (
				8E1937131FEBD71E0080E4CC /* ProtocolKit */,
			);
			path = Vendors;
			sourceTree = "<group>";
		};
		8E1937131FEBD71E0080E4CC /* ProtocolKit */ = {
			isa = PBXGroup;
			children = (
				8E1937141FEBD71E0080E4CC /* PKProtocolExtension.m */,
				8E1937151FEBD71E0080E4CC /* PKProtocolExtension.h */,
				8E1937161FEBD71E0080E4CC /* ProtocolKit.h */,
			);
			path = ProtocolKit;
			sourceTree = "<group>";
		};
		8E1937171FEBD71E0080E4CC /* Other */ = {
			isa = PBXGroup;
			children = (
				8E1937181FEBD71E0080E4CC /* AppDelegate.h */,
				8E1937191FEBD71E0080E4CC /* AppDelegate.m */,
			);
			path = Other;
			sourceTree = "<group>";
		};
		8E19371A1FEBD71E0080E4CC /* Protocol */ = {
			isa = PBXGroup;
			children = (
				8E19371B1FEBD71E0080E4CC /* TestProtocol.h */,
			);
			path = Protocol;
			sourceTree = "<group>";
		};
		8E19371C1FEBD71E0080E4CC /* Controller */ = {
			isa = PBXGroup;
			children = (
				8E19371E1FEBD71E0080E4CC /* ViewController.h */,
				8E19371D1FEBD71E0080E4CC /* ViewController.m */,
				8EB101621FF0E74A00866C21 /* DetailViewController.h */,
				8EB101631FF0E74A00866C21 /* DetailViewController.m */,
			);
			path = Controller;
			sourceTree = "<group>";
		};
		8E19371F1FEBD71E0080E4CC /* Model */ = {
			isa = PBXGroup;
			children = (
				8E1937211FEBD71E0080E4CC /* Model.h */,
				8E1937201FEBD71E0080E4CC /* Model.m */,
			);
			path = Model;
			sourceTree = "<group>";
		};
		8E1937221FEBD71E0080E4CC /* View */ = {
			isa = PBXGroup;
			children = (
				8EB1016A1FF0E96D00866C21 /* SectionHeaderView.h */,
				8EB1016B1FF0E96D00866C21 /* SectionHeaderView.m */,
				8EB1016D1FF0E97800866C21 /* SectionHeaderView.xib */,
				8EB1016F1FF0EF2900866C21 /* ReviewSectionFooterView.h */,
				8EB101701FF0EF2900866C21 /* ReviewSectionFooterView.m */,
				8EB101721FF0EF3E00866C21 /* ReviewSectionFooterView.xib */,
				8EB101741FF0FBC000866C21 /* EmptyCOntentView.h */,
				8EB101751FF0FBC000866C21 /* EmptyCOntentView.m */,
				8EB101771FF0FBCE00866C21 /* EmptyContentView.xib */,
				8E6DB58020ECBC31007C5BE5 /* TestView.h */,
				8E6DB58120ECBC31007C5BE5 /* TestView.m */,
				8E6DB58320ECBC3F007C5BE5 /* TestView.xib */,
			);
			path = View;
			sourceTree = "<group>";
		};
		8E75A72C1FECA9090021F02E /* SectionDelegates */ = {
			isa = PBXGroup;
			children = (
				8E75A72D1FECA92A0021F02E /* DestinationHeaderSectionDelegate.h */,
				8E75A72E1FECA92A0021F02E /* DestinationHeaderSectionDelegate.m */,
			);
			path = SectionDelegates;
			sourceTree = "<group>";
		};
		8E75A7301FECAF810021F02E /* ViewModel */ = {
			isa = PBXGroup;
			children = (
				8EB101791FF0FC9A00866C21 /* DestinationViewModel.h */,
				8EB1017A1FF0FC9A00866C21 /* DestinationViewModel.m */,
				8EB1017C1FF104C300866C21 /* DestinationReviewUserRowViewModel.h */,
				8EB1017D1FF104C300866C21 /* DestinationReviewUserRowViewModel.m */,
			);
			path = ViewModel;
			sourceTree = "<group>";
		};
		8E75A7321FECB6F80021F02E /* Category */ = {
			isa = PBXGroup;
			children = (
				8E75A7331FECB7170021F02E /* UITableViewCell+Extension.h */,
				8E75A7341FECB7170021F02E /* UITableViewCell+Extension.m */,
			);
			path = Category;
			sourceTree = "<group>";
		};
		8EB101521FF08FB400866C21 /* BaseDelegates */ = {
			isa = PBXGroup;
			children = (
				8EB101531FF08FCB00866C21 /* TGBaseDelegate.h */,
				8EB101541FF08FCB00866C21 /* TGBaseDelegate.m */,
				8EB101561FF094D400866C21 /* PropagatingDelegate.h */,
				8EB101571FF094D400866C21 /* PropagatingDelegate.m */,
				8EB101591FF0DAFC00866C21 /* TGBareDelegate.h */,
				8EB1015A1FF0DAFC00866C21 /* TGBareDelegate.m */,
				8EB1015C1FF0DC6100866C21 /* TGRootDelegate.h */,
				8EB1015D1FF0DC6100866C21 /* TGRootDelegate.m */,
				8EB1015F1FF0DF3B00866C21 /* TGSectionDelegate.h */,
				8EB101601FF0DF3B00866C21 /* TGSectionDelegate.m */,
			);
			path = BaseDelegates;
			sourceTree = "<group>";
		};
		C98756B03017540A1F0E2FC0 /* Pods */ = {
			isa = PBXGroup;
			children = (
				0C2F5947A25AC9AAA1A76A1B /* Pods-TGTestKit.debug.xcconfig */,
				6C22CE4D8A01A9C96A230AC5 /* Pods-TGTestKit.release.xcconfig */,
			);
			name = Pods;
			sourceTree = "<group>";
		};
/* End PBXGroup section */

/* Begin PBXNativeTarget section */
		8E1936CD1FEBA6DB0080E4CC /* TGTestKit */ = {
			isa = PBXNativeTarget;
			buildConfigurationList = 8E1936E41FEBA6DB0080E4CC /* Build configuration list for PBXNativeTarget "TGTestKit" */;
			buildPhases = (
				F60D35E60BB575537A89DAF6 /* [CP] Check Pods Manifest.lock */,
				8E1936CA1FEBA6DB0080E4CC /* Sources */,
				8E1936CB1FEBA6DB0080E4CC /* Frameworks */,
				8E1936CC1FEBA6DB0080E4CC /* Resources */,
				5478AFC70F181845EB0BB36B /* [CP] Embed Pods Frameworks */,
				3E0F7DFDA3527C90FCB3E7A2 /* [CP] Copy Pods Resources */,
			);
			buildRules = (
			);
			dependencies = (
			);
			name = TGTestKit;
			productName = TGTestKit;
			productReference = 8E1936CE1FEBA6DB0080E4CC /* TGTestKit.app */;
			productType = "com.apple.product-type.application";
		};
/* End PBXNativeTarget section */

/* Begin PBXProject section */
		8E1936C61FEBA6DB0080E4CC /* Project object */ = {
			isa = PBXProject;
			attributes = {
				LastUpgradeCheck = 0910;
				ORGANIZATIONNAME = Centaline;
				TargetAttributes = {
					8E1936CD1FEBA6DB0080E4CC = {
						CreatedOnToolsVersion = 9.1;
						ProvisioningStyle = Automatic;
					};
				};
			};
			buildConfigurationList = 8E1936C91FEBA6DB0080E4CC /* Build configuration list for PBXProject "TGTestKit" */;
			compatibilityVersion = "Xcode 8.0";
			developmentRegion = en;
			hasScannedForEncodings = 0;
			knownRegions = (
				en,
				Base,
			);
			mainGroup = 8E1936C51FEBA6DB0080E4CC;
			productRefGroup = 8E1936CF1FEBA6DB0080E4CC /* Products */;
			projectDirPath = "";
			projectRoot = "";
			targets = (
				8E1936CD1FEBA6DB0080E4CC /* TGTestKit */,
			);
		};
/* End PBXProject section */

/* Begin PBXResourcesBuildPhase section */
		8E1936CC1FEBA6DB0080E4CC /* Resources */ = {
			isa = PBXResourcesBuildPhase;
			buildActionMask = 2147483647;
			files = (
				8E1936DE1FEBA6DB0080E4CC /* LaunchScreen.storyboard in Resources */,
				8E1936DB1FEBA6DB0080E4CC /* Assets.xcassets in Resources */,
				8EB101781FF0FBCE00866C21 /* EmptyContentView.xib in Resources */,
				8E1936D91FEBA6DB0080E4CC /* Main.storyboard in Resources */,
				8EB101731FF0EF3E00866C21 /* ReviewSectionFooterView.xib in Resources */,
				8E6DB58420ECBC3F007C5BE5 /* TestView.xib in Resources */,
				8EB1016E1FF0E97800866C21 /* SectionHeaderView.xib in Resources */,
			);
			runOnlyForDeploymentPostprocessing = 0;
		};
/* End PBXResourcesBuildPhase section */

/* Begin PBXShellScriptBuildPhase section */
		3E0F7DFDA3527C90FCB3E7A2 /* [CP] Copy Pods Resources */ = {
			isa = PBXShellScriptBuildPhase;
			buildActionMask = 2147483647;
			files = (
			);
			inputPaths = (
			);
			name = "[CP] Copy Pods Resources";
			outputPaths = (
			);
			runOnlyForDeploymentPostprocessing = 0;
			shellPath = /bin/sh;
			shellScript = "\"${SRCROOT}/Pods/Target Support Files/Pods-TGTestKit/Pods-TGTestKit-resources.sh\"\n";
			showEnvVarsInLog = 0;
		};
		5478AFC70F181845EB0BB36B /* [CP] Embed Pods Frameworks */ = {
			isa = PBXShellScriptBuildPhase;
			buildActionMask = 2147483647;
			files = (
			);
			inputPaths = (
			);
			name = "[CP] Embed Pods Frameworks";
			outputPaths = (
			);
			runOnlyForDeploymentPostprocessing = 0;
			shellPath = /bin/sh;
			shellScript = "\"${SRCROOT}/Pods/Target Support Files/Pods-TGTestKit/Pods-TGTestKit-frameworks.sh\"\n";
			showEnvVarsInLog = 0;
		};
		F60D35E60BB575537A89DAF6 /* [CP] Check Pods Manifest.lock */ = {
			isa = PBXShellScriptBuildPhase;
			buildActionMask = 2147483647;
			files = (
			);
			inputPaths = (
				"${PODS_PODFILE_DIR_PATH}/Podfile.lock",
				"${PODS_ROOT}/Manifest.lock",
			);
			name = "[CP] Check Pods Manifest.lock";
			outputPaths = (
				"$(DERIVED_FILE_DIR)/Pods-TGTestKit-checkManifestLockResult.txt",
			);
			runOnlyForDeploymentPostprocessing = 0;
			shellPath = /bin/sh;
			shellScript = "diff \"${PODS_PODFILE_DIR_PATH}/Podfile.lock\" \"${PODS_ROOT}/Manifest.lock\" > /dev/null\nif [ $? != 0 ] ; then\n    # print error to STDERR\n    echo \"error: The sandbox is not in sync with the Podfile.lock. Run 'pod install' or update your CocoaPods installation.\" >&2\n    exit 1\nfi\n# This output is used by Xcode 'outputs' to avoid re-running this script phase.\necho \"SUCCESS\" > \"${SCRIPT_OUTPUT_FILE_0}\"\n";
			showEnvVarsInLog = 0;
		};
/* End PBXShellScriptBuildPhase section */

/* Begin PBXSourcesBuildPhase section */
		8E1936CA1FEBA6DB0080E4CC /* Sources */ = {
			isa = PBXSourcesBuildPhase;
			buildActionMask = 2147483647;
			files = (
				8EB1015B1FF0DAFC00866C21 /* TGBareDelegate.m in Sources */,
				8E75A72F1FECA92A0021F02E /* DestinationHeaderSectionDelegate.m in Sources */,
				8EB101761FF0FBC000866C21 /* EmptyCOntentView.m in Sources */,
				8E1937231FEBD71E0080E4CC /* PKProtocolExtension.m in Sources */,
				8EB101611FF0DF3B00866C21 /* TGSectionDelegate.m in Sources */,
				8E75A7351FECB7170021F02E /* UITableViewCell+Extension.m in Sources */,
				8EB1016C1FF0E96D00866C21 /* SectionHeaderView.m in Sources */,
				8EB101551FF08FCB00866C21 /* TGBaseDelegate.m in Sources */,
				8EB1017B1FF0FC9A00866C21 /* DestinationViewModel.m in Sources */,
				8EB1015E1FF0DC6100866C21 /* TGRootDelegate.m in Sources */,
				8E1936E11FEBA6DB0080E4CC /* main.m in Sources */,
				8E6DB58220ECBC31007C5BE5 /* TestView.m in Sources */,
				8E1937251FEBD71E0080E4CC /* ViewController.m in Sources */,
				8EB101711FF0EF2900866C21 /* ReviewSectionFooterView.m in Sources */,
				8EB101581FF094D400866C21 /* PropagatingDelegate.m in Sources */,
				8E1937241FEBD71E0080E4CC /* AppDelegate.m in Sources */,
				8EB1017E1FF104C300866C21 /* DestinationReviewUserRowViewModel.m in Sources */,
				8E1937261FEBD71E0080E4CC /* Model.m in Sources */,
				8EB101641FF0E74A00866C21 /* DetailViewController.m in Sources */,
			);
			runOnlyForDeploymentPostprocessing = 0;
		};
/* End PBXSourcesBuildPhase section */

/* Begin PBXVariantGroup section */
		8E1936D71FEBA6DB0080E4CC /* Main.storyboard */ = {
			isa = PBXVariantGroup;
			children = (
				8E1936D81FEBA6DB0080E4CC /* Base */,
			);
			name = Main.storyboard;
			sourceTree = "<group>";
		};
		8E1936DC1FEBA6DB0080E4CC /* LaunchScreen.storyboard */ = {
			isa = PBXVariantGroup;
			children = (
				8E1936DD1FEBA6DB0080E4CC /* Base */,
			);
			name = LaunchScreen.storyboard;
			sourceTree = "<group>";
		};
/* End PBXVariantGroup section */

/* Begin XCBuildConfiguration section */
		8E1936E21FEBA6DB0080E4CC /* Debug */ = {
			isa = XCBuildConfiguration;
			buildSettings = {
				ALWAYS_SEARCH_USER_PATHS = NO;
				CLANG_ANALYZER_NONNULL = YES;
				CLANG_ANALYZER_NUMBER_OBJECT_CONVERSION = YES_AGGRESSIVE;
				CLANG_CXX_LANGUAGE_STANDARD = "gnu++14";
				CLANG_CXX_LIBRARY = "libc++";
				CLANG_ENABLE_MODULES = YES;
				CLANG_ENABLE_OBJC_ARC = YES;
				CLANG_WARN_BLOCK_CAPTURE_AUTORELEASING = YES;
				CLANG_WARN_BOOL_CONVERSION = YES;
				CLANG_WARN_COMMA = YES;
				CLANG_WARN_CONSTANT_CONVERSION = YES;
				CLANG_WARN_DIRECT_OBJC_ISA_USAGE = YES_ERROR;
				CLANG_WARN_DOCUMENTATION_COMMENTS = YES;
				CLANG_WARN_EMPTY_BODY = YES;
				CLANG_WARN_ENUM_CONVERSION = YES;
				CLANG_WARN_INFINITE_RECURSION = YES;
				CLANG_WARN_INT_CONVERSION = YES;
				CLANG_WARN_NON_LITERAL_NULL_CONVERSION = YES;
				CLANG_WARN_OBJC_LITERAL_CONVERSION = YES;
				CLANG_WARN_OBJC_ROOT_CLASS = YES_ERROR;
				CLANG_WARN_RANGE_LOOP_ANALYSIS = YES;
				CLANG_WARN_STRICT_PROTOTYPES = YES;
				CLANG_WARN_SUSPICIOUS_MOVE = YES;
				CLANG_WARN_UNGUARDED_AVAILABILITY = YES_AGGRESSIVE;
				CLANG_WARN_UNREACHABLE_CODE = YES;
				CLANG_WARN__DUPLICATE_METHOD_MATCH = YES;
				CODE_SIGN_IDENTITY = "iPhone Developer";
				COPY_PHASE_STRIP = NO;
				DEBUG_INFORMATION_FORMAT = dwarf;
				ENABLE_STRICT_OBJC_MSGSEND = YES;
				ENABLE_TESTABILITY = YES;
				GCC_C_LANGUAGE_STANDARD = gnu11;
				GCC_DYNAMIC_NO_PIC = NO;
				GCC_NO_COMMON_BLOCKS = YES;
				GCC_OPTIMIZATION_LEVEL = 0;
				GCC_PREPROCESSOR_DEFINITIONS = (
					"DEBUG=1",
					"$(inherited)",
				);
				GCC_WARN_64_TO_32_BIT_CONVERSION = YES;
				GCC_WARN_ABOUT_RETURN_TYPE = YES_ERROR;
				GCC_WARN_UNDECLARED_SELECTOR = YES;
				GCC_WARN_UNINITIALIZED_AUTOS = YES_AGGRESSIVE;
				GCC_WARN_UNUSED_FUNCTION = YES;
				GCC_WARN_UNUSED_VARIABLE = YES;
				IPHONEOS_DEPLOYMENT_TARGET = 11.1;
				MTL_ENABLE_DEBUG_INFO = YES;
				ONLY_ACTIVE_ARCH = YES;
				SDKROOT = iphoneos;
			};
			name = Debug;
		};
		8E1936E31FEBA6DB0080E4CC /* Release */ = {
			isa = XCBuildConfiguration;
			buildSettings = {
				ALWAYS_SEARCH_USER_PATHS = NO;
				CLANG_ANALYZER_NONNULL = YES;
				CLANG_ANALYZER_NUMBER_OBJECT_CONVERSION = YES_AGGRESSIVE;
				CLANG_CXX_LANGUAGE_STANDARD = "gnu++14";
				CLANG_CXX_LIBRARY = "libc++";
				CLANG_ENABLE_MODULES = YES;
				CLANG_ENABLE_OBJC_ARC = YES;
				CLANG_WARN_BLOCK_CAPTURE_AUTORELEASING = YES;
				CLANG_WARN_BOOL_CONVERSION = YES;
				CLANG_WARN_COMMA = YES;
				CLANG_WARN_CONSTANT_CONVERSION = YES;
				CLANG_WARN_DIRECT_OBJC_ISA_USAGE = YES_ERROR;
				CLANG_WARN_DOCUMENTATION_COMMENTS = YES;
				CLANG_WARN_EMPTY_BODY = YES;
				CLANG_WARN_ENUM_CONVERSION = YES;
				CLANG_WARN_INFINITE_RECURSION = YES;
				CLANG_WARN_INT_CONVERSION = YES;
				CLANG_WARN_NON_LITERAL_NULL_CONVERSION = YES;
				CLANG_WARN_OBJC_LITERAL_CONVERSION = YES;
				CLANG_WARN_OBJC_ROOT_CLASS = YES_ERROR;
				CLANG_WARN_RANGE_LOOP_ANALYSIS = YES;
				CLANG_WARN_STRICT_PROTOTYPES = YES;
				CLANG_WARN_SUSPICIOUS_MOVE = YES;
				CLANG_WARN_UNGUARDED_AVAILABILITY = YES_AGGRESSIVE;
				CLANG_WARN_UNREACHABLE_CODE = YES;
				CLANG_WARN__DUPLICATE_METHOD_MATCH = YES;
				CODE_SIGN_IDENTITY = "iPhone Developer";
				COPY_PHASE_STRIP = NO;
				DEBUG_INFORMATION_FORMAT = "dwarf-with-dsym";
				ENABLE_NS_ASSERTIONS = NO;
				ENABLE_STRICT_OBJC_MSGSEND = YES;
				GCC_C_LANGUAGE_STANDARD = gnu11;
				GCC_NO_COMMON_BLOCKS = YES;
				GCC_WARN_64_TO_32_BIT_CONVERSION = YES;
				GCC_WARN_ABOUT_RETURN_TYPE = YES_ERROR;
				GCC_WARN_UNDECLARED_SELECTOR = YES;
				GCC_WARN_UNINITIALIZED_AUTOS = YES_AGGRESSIVE;
				GCC_WARN_UNUSED_FUNCTION = YES;
				GCC_WARN_UNUSED_VARIABLE = YES;
				IPHONEOS_DEPLOYMENT_TARGET = 11.1;
				MTL_ENABLE_DEBUG_INFO = NO;
				SDKROOT = iphoneos;
				VALIDATE_PRODUCT = YES;
			};
			name = Release;
		};
		8E1936E51FEBA6DB0080E4CC /* Debug */ = {
			isa = XCBuildConfiguration;
			baseConfigurationReference = 0C2F5947A25AC9AAA1A76A1B /* Pods-TGTestKit.debug.xcconfig */;
			buildSettings = {
				ASSETCATALOG_COMPILER_APPICON_NAME = AppIcon;
				CODE_SIGN_STYLE = Automatic;
				DEVELOPMENT_TEAM = WT44JA8HJ5;
				INFOPLIST_FILE = TGTestKit/Info.plist;
				LD_RUNPATH_SEARCH_PATHS = "$(inherited) @executable_path/Frameworks";
				PRODUCT_BUNDLE_IDENTIFIER = com.centaline.TGTestKit;
				PRODUCT_NAME = "$(TARGET_NAME)";
				TARGETED_DEVICE_FAMILY = "1,2";
			};
			name = Debug;
		};
		8E1936E61FEBA6DB0080E4CC /* Release */ = {
			isa = XCBuildConfiguration;
			baseConfigurationReference = 6C22CE4D8A01A9C96A230AC5 /* Pods-TGTestKit.release.xcconfig */;
			buildSettings = {
				ASSETCATALOG_COMPILER_APPICON_NAME = AppIcon;
				CODE_SIGN_STYLE = Automatic;
				DEVELOPMENT_TEAM = WT44JA8HJ5;
				INFOPLIST_FILE = TGTestKit/Info.plist;
				LD_RUNPATH_SEARCH_PATHS = "$(inherited) @executable_path/Frameworks";
				PRODUCT_BUNDLE_IDENTIFIER = com.centaline.TGTestKit;
				PRODUCT_NAME = "$(TARGET_NAME)";
				TARGETED_DEVICE_FAMILY = "1,2";
			};
			name = Release;
		};
/* End XCBuildConfiguration section */

/* Begin XCConfigurationList section */
		8E1936C91FEBA6DB0080E4CC /* Build configuration list for PBXProject "TGTestKit" */ = {
			isa = XCConfigurationList;
			buildConfigurations = (
				8E1936E21FEBA6DB0080E4CC /* Debug */,
				8E1936E31FEBA6DB0080E4CC /* Release */,
			);
			defaultConfigurationIsVisible = 0;
			defaultConfigurationName = Release;
		};
		8E1936E41FEBA6DB0080E4CC /* Build configuration list for PBXNativeTarget "TGTestKit" */ = {
			isa = XCConfigurationList;
			buildConfigurations = (
				8E1936E51FEBA6DB0080E4CC /* Debug */,
				8E1936E61FEBA6DB0080E4CC /* Release */,
			);
			defaultConfigurationIsVisible = 0;
			defaultConfigurationName = Release;
		};
/* End XCConfigurationList section */
	};
	rootObject = 8E1936C61FEBA6DB0080E4CC /* Project object */;
}
