// !$*UTF8*$!
{
	archiveVersion = 1;
	classes = {
	};
	objectVersion = 48;
	objects = {

/* Begin PBXBuildFile section */
		875CD4C3201781D600A38BE0 /* ViewController.m in Sources */ = {isa = PBXBuildFile; fileRef = 875CD4BE201781D600A38BE0 /* ViewController.m */; };
		875CD4C4201781D600A38BE0 /* AppDelegate.m in Sources */ = {isa = PBXBuildFile; fileRef = 875CD4C2201781D600A38BE0 /* AppDelegate.m */; };
		875CD4C7201781F800A38BE0 /* TGBaseModel.m in Sources */ = {isa = PBXBuildFile; fileRef = 875CD4C6201781F800A38BE0 /* TGBaseModel.m */; };
		875CD4CA2017820D00A38BE0 /* TGBaseView.m in Sources */ = {isa = PBXBuildFile; fileRef = 875CD4C92017820D00A38BE0 /* TGBaseView.m */; };
		875CD4CD2017826600A38BE0 /* TGCALayerViewController.m in Sources */ = {isa = PBXBuildFile; fileRef = 875CD4CC2017826600A38BE0 /* TGCALayerViewController.m */; };
		875CD4D020178D6700A38BE0 /* TGCoreAnimationViewController.m in Sources */ = {isa = PBXBuildFile; fileRef = 875CD4CF20178D6700A38BE0 /* TGCoreAnimationViewController.m */; };
		8EE0C75E1FF36E3E0066F95E /* Main.storyboard in Resources */ = {isa = PBXBuildFile; fileRef = 8EE0C75C1FF36E3E0066F95E /* Main.storyboard */; };
		8EE0C7601FF36E3E0066F95E /* Assets.xcassets in Resources */ = {isa = PBXBuildFile; fileRef = 8EE0C75F1FF36E3E0066F95E /* Assets.xcassets */; };
		8EE0C7631FF36E3E0066F95E /* LaunchScreen.storyboard in Resources */ = {isa = PBXBuildFile; fileRef = 8EE0C7611FF36E3E0066F95E /* LaunchScreen.storyboard */; };
		8EE0C7661FF36E3E0066F95E /* main.m in Sources */ = {isa = PBXBuildFile; fileRef = 8EE0C7651FF36E3E0066F95E /* main.m */; };
/* End PBXBuildFile section */

/* Begin PBXFileReference section */
		875CD4BE201781D600A38BE0 /* ViewController.m */ = {isa = PBXFileReference; fileEncoding = 4; lastKnownFileType = sourcecode.c.objc; path = ViewController.m; sourceTree = "<group>"; };
		875CD4BF201781D600A38BE0 /* ViewController.h */ = {isa = PBXFileReference; fileEncoding = 4; lastKnownFileType = sourcecode.c.h; path = ViewController.h; sourceTree = "<group>"; };
		875CD4C1201781D600A38BE0 /* AppDelegate.h */ = {isa = PBXFileReference; fileEncoding = 4; lastKnownFileType = sourcecode.c.h; path = AppDelegate.h; sourceTree = "<group>"; };
		875CD4C2201781D600A38BE0 /* AppDelegate.m */ = {isa = PBXFileReference; fileEncoding = 4; lastKnownFileType = sourcecode.c.objc; path = AppDelegate.m; sourceTree = "<group>"; };
		875CD4C5201781F800A38BE0 /* TGBaseModel.h */ = {isa = PBXFileReference; lastKnownFileType = sourcecode.c.h; path = TGBaseModel.h; sourceTree = "<group>"; };
		875CD4C6201781F800A38BE0 /* TGBaseModel.m */ = {isa = PBXFileReference; lastKnownFileType = sourcecode.c.objc; path = TGBaseModel.m; sourceTree = "<group>"; };
		875CD4C82017820D00A38BE0 /* TGBaseView.h */ = {isa = PBXFileReference; lastKnownFileType = sourcecode.c.h; path = TGBaseView.h; sourceTree = "<group>"; };
		875CD4C92017820D00A38BE0 /* TGBaseView.m */ = {isa = PBXFileReference; lastKnownFileType = sourcecode.c.objc; path = TGBaseView.m; sourceTree = "<group>"; };
		875CD4CB2017826600A38BE0 /* TGCALayerViewController.h */ = {isa = PBXFileReference; lastKnownFileType = sourcecode.c.h; path = TGCALayerViewController.h; sourceTree = "<group>"; };
		875CD4CC2017826600A38BE0 /* TGCALayerViewController.m */ = {isa = PBXFileReference; lastKnownFileType = sourcecode.c.objc; path = TGCALayerViewController.m; sourceTree = "<group>"; };
		875CD4CE20178D6700A38BE0 /* TGCoreAnimationViewController.h */ = {isa = PBXFileReference; lastKnownFileType = sourcecode.c.h; path = TGCoreAnimationViewController.h; sourceTree = "<group>"; };
		875CD4CF20178D6700A38BE0 /* TGCoreAnimationViewController.m */ = {isa = PBXFileReference; lastKnownFileType = sourcecode.c.objc; path = TGCoreAnimationViewController.m; sourceTree = "<group>"; };
		8EE0C7531FF36E3E0066F95E /* TGTransitionDemo.app */ = {isa = PBXFileReference; explicitFileType = wrapper.application; includeInIndex = 0; path = TGTransitionDemo.app; sourceTree = BUILT_PRODUCTS_DIR; };
		8EE0C75D1FF36E3E0066F95E /* Base */ = {isa = PBXFileReference; lastKnownFileType = file.storyboard; name = Base; path = Base.lproj/Main.storyboard; sourceTree = "<group>"; };
		8EE0C75F1FF36E3E0066F95E /* Assets.xcassets */ = {isa = PBXFileReference; lastKnownFileType = folder.assetcatalog; path = Assets.xcassets; sourceTree = "<group>"; };
		8EE0C7621FF36E3E0066F95E /* Base */ = {isa = PBXFileReference; lastKnownFileType = file.storyboard; name = Base; path = Base.lproj/LaunchScreen.storyboard; sourceTree = "<group>"; };
		8EE0C7641FF36E3E0066F95E /* Info.plist */ = {isa = PBXFileReference; lastKnownFileType = text.plist.xml; path = Info.plist; sourceTree = "<group>"; };
		8EE0C7651FF36E3E0066F95E /* main.m */ = {isa = PBXFileReference; lastKnownFileType = sourcecode.c.objc; path = main.m; sourceTree = "<group>"; };
/* End PBXFileReference section */

/* Begin PBXFrameworksBuildPhase section */
		8EE0C7501FF36E3E0066F95E /* Frameworks */ = {
			isa = PBXFrameworksBuildPhase;
			buildActionMask = 2147483647;
			files = (
			);
			runOnlyForDeploymentPostprocessing = 0;
		};
/* End PBXFrameworksBuildPhase section */

/* Begin PBXGroup section */
		875CD4B4201781A900A38BE0 /* Classes */ = {
			isa = PBXGroup;
			children = (
				875CD4BD201781D600A38BE0 /* Controller */,
				875CD4BB201781D600A38BE0 /* Model */,
				875CD4C0201781D600A38BE0 /* Other */,
				875CD4BC201781D600A38BE0 /* View */,
			);
			path = Classes;
			sourceTree = "<group>";
		};
		875CD4BB201781D600A38BE0 /* Model */ = {
			isa = PBXGroup;
			children = (
				875CD4C5201781F800A38BE0 /* TGBaseModel.h */,
				875CD4C6201781F800A38BE0 /* TGBaseModel.m */,
			);
			path = Model;
			sourceTree = "<group>";
		};
		875CD4BC201781D600A38BE0 /* View */ = {
			isa = PBXGroup;
			children = (
				875CD4C82017820D00A38BE0 /* TGBaseView.h */,
				875CD4C92017820D00A38BE0 /* TGBaseView.m */,
			);
			path = View;
			sourceTree = "<group>";
		};
		875CD4BD201781D600A38BE0 /* Controller */ = {
			isa = PBXGroup;
			children = (
				875CD4BF201781D600A38BE0 /* ViewController.h */,
				875CD4BE201781D600A38BE0 /* ViewController.m */,
				875CD4CB2017826600A38BE0 /* TGCALayerViewController.h */,
				875CD4CC2017826600A38BE0 /* TGCALayerViewController.m */,
				875CD4CE20178D6700A38BE0 /* TGCoreAnimationViewController.h */,
				875CD4CF20178D6700A38BE0 /* TGCoreAnimationViewController.m */,
			);
			path = Controller;
			sourceTree = "<group>";
		};
		875CD4C0201781D600A38BE0 /* Other */ = {
			isa = PBXGroup;
			children = (
				875CD4C1201781D600A38BE0 /* AppDelegate.h */,
				875CD4C2201781D600A38BE0 /* AppDelegate.m */,
			);
			path = Other;
			sourceTree = "<group>";
		};
		8EE0C74A1FF36E3E0066F95E = {
			isa = PBXGroup;
			children = (
				8EE0C7551FF36E3E0066F95E /* TGTransitionDemo */,
				8EE0C7541FF36E3E0066F95E /* Products */,
			);
			sourceTree = "<group>";
		};
		8EE0C7541FF36E3E0066F95E /* Products */ = {
			isa = PBXGroup;
			children = (
				8EE0C7531FF36E3E0066F95E /* TGTransitionDemo.app */,
			);
			name = Products;
			sourceTree = "<group>";
		};
		8EE0C7551FF36E3E0066F95E /* TGTransitionDemo */ = {
			isa = PBXGroup;
			children = (
				875CD4B4201781A900A38BE0 /* Classes */,
				8EE0C75C1FF36E3E0066F95E /* Main.storyboard */,
				8EE0C7641FF36E3E0066F95E /* Info.plist */,
				8EE0C7611FF36E3E0066F95E /* LaunchScreen.storyboard */,
				8EE0C7651FF36E3E0066F95E /* main.m */,
				8EE0C75F1FF36E3E0066F95E /* Assets.xcassets */,
			);
			path = TGTransitionDemo;
			sourceTree = "<group>";
		};
/* End PBXGroup section */

/* Begin PBXNativeTarget section */
		8EE0C7521FF36E3E0066F95E /* TGTransitionDemo */ = {
			isa = PBXNativeTarget;
			buildConfigurationList = 8EE0C7691FF36E3E0066F95E /* Build configuration list for PBXNativeTarget "TGTransitionDemo" */;
			buildPhases = (
				8EE0C74F1FF36E3E0066F95E /* Sources */,
				8EE0C7501FF36E3E0066F95E /* Frameworks */,
				8EE0C7511FF36E3E0066F95E /* Resources */,
			);
			buildRules = (
			);
			dependencies = (
			);
			name = TGTransitionDemo;
			productName = TGTransitionDemo;
			productReference = 8EE0C7531FF36E3E0066F95E /* TGTransitionDemo.app */;
			productType = "com.apple.product-type.application";
		};
/* End PBXNativeTarget section */

/* Begin PBXProject section */
		8EE0C74B1FF36E3E0066F95E /* Project object */ = {
			isa = PBXProject;
			attributes = {
				CLASSPREFIX = TG;
				LastUpgradeCheck = 0910;
				ORGANIZATIONNAME = Centaline;
				TargetAttributes = {
					8EE0C7521FF36E3E0066F95E = {
						CreatedOnToolsVersion = 9.1;
						ProvisioningStyle = Automatic;
					};
				};
			};
			buildConfigurationList = 8EE0C74E1FF36E3E0066F95E /* Build configuration list for PBXProject "TGTransitionDemo" */;
			compatibilityVersion = "Xcode 8.0";
			developmentRegion = en;
			hasScannedForEncodings = 0;
			knownRegions = (
				en,
				Base,
			);
			mainGroup = 8EE0C74A1FF36E3E0066F95E;
			productRefGroup = 8EE0C7541FF36E3E0066F95E /* Products */;
			projectDirPath = "";
			projectRoot = "";
			targets = (
				8EE0C7521FF36E3E0066F95E /* TGTransitionDemo */,
			);
		};
/* End PBXProject section */

/* Begin PBXResourcesBuildPhase section */
		8EE0C7511FF36E3E0066F95E /* Resources */ = {
			isa = PBXResourcesBuildPhase;
			buildActionMask = 2147483647;
			files = (
				8EE0C7631FF36E3E0066F95E /* LaunchScreen.storyboard in Resources */,
				8EE0C7601FF36E3E0066F95E /* Assets.xcassets in Resources */,
				8EE0C75E1FF36E3E0066F95E /* Main.storyboard in Resources */,
			);
			runOnlyForDeploymentPostprocessing = 0;
		};
/* End PBXResourcesBuildPhase section */

/* Begin PBXSourcesBuildPhase section */
		8EE0C74F1FF36E3E0066F95E /* Sources */ = {
			isa = PBXSourcesBuildPhase;
			buildActionMask = 2147483647;
			files = (
				875CD4D020178D6700A38BE0 /* TGCoreAnimationViewController.m in Sources */,
				875CD4C3201781D600A38BE0 /* ViewController.m in Sources */,
				875CD4CA2017820D00A38BE0 /* TGBaseView.m in Sources */,
				8EE0C7661FF36E3E0066F95E /* main.m in Sources */,
				875CD4C4201781D600A38BE0 /* AppDelegate.m in Sources */,
				875CD4C7201781F800A38BE0 /* TGBaseModel.m in Sources */,
				875CD4CD2017826600A38BE0 /* TGCALayerViewController.m in Sources */,
			);
			runOnlyForDeploymentPostprocessing = 0;
		};
/* End PBXSourcesBuildPhase section */

/* Begin PBXVariantGroup section */
		8EE0C75C1FF36E3E0066F95E /* Main.storyboard */ = {
			isa = PBXVariantGroup;
			children = (
				8EE0C75D1FF36E3E0066F95E /* Base */,
			);
			name = Main.storyboard;
			sourceTree = "<group>";
		};
		8EE0C7611FF36E3E0066F95E /* LaunchScreen.storyboard */ = {
			isa = PBXVariantGroup;
			children = (
				8EE0C7621FF36E3E0066F95E /* Base */,
			);
			name = LaunchScreen.storyboard;
			sourceTree = "<group>";
		};
/* End PBXVariantGroup section */

/* Begin XCBuildConfiguration section */
		8EE0C7671FF36E3E0066F95E /* Debug */ = {
			isa = XCBuildConfiguration;
			buildSettings = {
				ALWAYS_SEARCH_USER_PATHS = NO;
				CLANG_ANALYZER_NONNULL = YES;
				CLANG_ANALYZER_NUMBER_OBJECT_CONVERSION = YES_AGGRESSIVE;
				CLANG_CXX_LANGUAGE_STANDARD = "gnu++14";
				CLANG_CXX_LIBRARY = "libc++";
				CLANG_ENABLE_MODULES = YES;
				CLANG_ENABLE_OBJC_ARC = YES;
				CLANG_WARN_BLOCK_CAPTURE_AUTORELEASING = YES;
				CLANG_WARN_BOOL_CONVERSION = YES;
				CLANG_WARN_COMMA = YES;
				CLANG_WARN_CONSTANT_CONVERSION = YES;
				CLANG_WARN_DIRECT_OBJC_ISA_USAGE = YES_ERROR;
				CLANG_WARN_DOCUMENTATION_COMMENTS = YES;
				CLANG_WARN_EMPTY_BODY = YES;
				CLANG_WARN_ENUM_CONVERSION = YES;
				CLANG_WARN_INFINITE_RECURSION = YES;
				CLANG_WARN_INT_CONVERSION = YES;
				CLANG_WARN_NON_LITERAL_NULL_CONVERSION = YES;
				CLANG_WARN_OBJC_LITERAL_CONVERSION = YES;
				CLANG_WARN_OBJC_ROOT_CLASS = YES_ERROR;
				CLANG_WARN_RANGE_LOOP_ANALYSIS = YES;
				CLANG_WARN_STRICT_PROTOTYPES = YES;
				CLANG_WARN_SUSPICIOUS_MOVE = YES;
				CLANG_WARN_UNGUARDED_AVAILABILITY = YES_AGGRESSIVE;
				CLANG_WARN_UNREACHABLE_CODE = YES;
				CLANG_WARN__DUPLICATE_METHOD_MATCH = YES;
				CODE_SIGN_IDENTITY = "iPhone Developer";
				COPY_PHASE_STRIP = NO;
				DEBUG_INFORMATION_FORMAT = dwarf;
				ENABLE_STRICT_OBJC_MSGSEND = YES;
				ENABLE_TESTABILITY = YES;
				GCC_C_LANGUAGE_STANDARD = gnu11;
				GCC_DYNAMIC_NO_PIC = NO;
				GCC_NO_COMMON_BLOCKS = YES;
				GCC_OPTIMIZATION_LEVEL = 0;
				GCC_PREPROCESSOR_DEFINITIONS = (
					"DEBUG=1",
					"$(inherited)",
				);
				GCC_WARN_64_TO_32_BIT_CONVERSION = YES;
				GCC_WARN_ABOUT_RETURN_TYPE = YES_ERROR;
				GCC_WARN_UNDECLARED_SELECTOR = YES;
				GCC_WARN_UNINITIALIZED_AUTOS = YES_AGGRESSIVE;
				GCC_WARN_UNUSED_FUNCTION = YES;
				GCC_WARN_UNUSED_VARIABLE = YES;
				IPHONEOS_DEPLOYMENT_TARGET = 11.1;
				MTL_ENABLE_DEBUG_INFO = YES;
				ONLY_ACTIVE_ARCH = YES;
				SDKROOT = iphoneos;
			};
			name = Debug;
		};
		8EE0C7681FF36E3E0066F95E /* Release */ = {
			isa = XCBuildConfiguration;
			buildSettings = {
				ALWAYS_SEARCH_USER_PATHS = NO;
				CLANG_ANALYZER_NONNULL = YES;
				CLANG_ANALYZER_NUMBER_OBJECT_CONVERSION = YES_AGGRESSIVE;
				CLANG_CXX_LANGUAGE_STANDARD = "gnu++14";
				CLANG_CXX_LIBRARY = "libc++";
				CLANG_ENABLE_MODULES = YES;
				CLANG_ENABLE_OBJC_ARC = YES;
				CLANG_WARN_BLOCK_CAPTURE_AUTORELEASING = YES;
				CLANG_WARN_BOOL_CONVERSION = YES;
				CLANG_WARN_COMMA = YES;
				CLANG_WARN_CONSTANT_CONVERSION = YES;
				CLANG_WARN_DIRECT_OBJC_ISA_USAGE = YES_ERROR;
				CLANG_WARN_DOCUMENTATION_COMMENTS = YES;
				CLANG_WARN_EMPTY_BODY = YES;
				CLANG_WARN_ENUM_CONVERSION = YES;
				CLANG_WARN_INFINITE_RECURSION = YES;
				CLANG_WARN_INT_CONVERSION = YES;
				CLANG_WARN_NON_LITERAL_NULL_CONVERSION = YES;
				CLANG_WARN_OBJC_LITERAL_CONVERSION = YES;
				CLANG_WARN_OBJC_ROOT_CLASS = YES_ERROR;
				CLANG_WARN_RANGE_LOOP_ANALYSIS = YES;
				CLANG_WARN_STRICT_PROTOTYPES = YES;
				CLANG_WARN_SUSPICIOUS_MOVE = YES;
				CLANG_WARN_UNGUARDED_AVAILABILITY = YES_AGGRESSIVE;
				CLANG_WARN_UNREACHABLE_CODE = YES;
				CLANG_WARN__DUPLICATE_METHOD_MATCH = YES;
				CODE_SIGN_IDENTITY = "iPhone Developer";
				COPY_PHASE_STRIP = NO;
				DEBUG_INFORMATION_FORMAT = "dwarf-with-dsym";
				ENABLE_NS_ASSERTIONS = NO;
				ENABLE_STRICT_OBJC_MSGSEND = YES;
				GCC_C_LANGUAGE_STANDARD = gnu11;
				GCC_NO_COMMON_BLOCKS = YES;
				GCC_WARN_64_TO_32_BIT_CONVERSION = YES;
				GCC_WARN_ABOUT_RETURN_TYPE = YES_ERROR;
				GCC_WARN_UNDECLARED_SELECTOR = YES;
				GCC_WARN_UNINITIALIZED_AUTOS = YES_AGGRESSIVE;
				GCC_WARN_UNUSED_FUNCTION = YES;
				GCC_WARN_UNUSED_VARIABLE = YES;
				IPHONEOS_DEPLOYMENT_TARGET = 11.1;
				MTL_ENABLE_DEBUG_INFO = NO;
				SDKROOT = iphoneos;
				VALIDATE_PRODUCT = YES;
			};
			name = Release;
		};
		8EE0C76A1FF36E3E0066F95E /* Debug */ = {
			isa = XCBuildConfiguration;
			buildSettings = {
				ASSETCATALOG_COMPILER_APPICON_NAME = AppIcon;
				CODE_SIGN_STYLE = Automatic;
				DEVELOPMENT_TEAM = WT44JA8HJ5;
				INFOPLIST_FILE = TGTransitionDemo/Info.plist;
				LD_RUNPATH_SEARCH_PATHS = "$(inherited) @executable_path/Frameworks";
				PRODUCT_BUNDLE_IDENTIFIER = com.centaline.TGTransitionDemo;
				PRODUCT_NAME = "$(TARGET_NAME)";
				TARGETED_DEVICE_FAMILY = "1,2";
			};
			name = Debug;
		};
		8EE0C76B1FF36E3E0066F95E /* Release */ = {
			isa = XCBuildConfiguration;
			buildSettings = {
				ASSETCATALOG_COMPILER_APPICON_NAME = AppIcon;
				CODE_SIGN_STYLE = Automatic;
				DEVELOPMENT_TEAM = WT44JA8HJ5;
				INFOPLIST_FILE = TGTransitionDemo/Info.plist;
				LD_RUNPATH_SEARCH_PATHS = "$(inherited) @executable_path/Frameworks";
				PRODUCT_BUNDLE_IDENTIFIER = com.centaline.TGTransitionDemo;
				PRODUCT_NAME = "$(TARGET_NAME)";
				TARGETED_DEVICE_FAMILY = "1,2";
			};
			name = Release;
		};
/* End XCBuildConfiguration section */

/* Begin XCConfigurationList section */
		8EE0C74E1FF36E3E0066F95E /* Build configuration list for PBXProject "TGTransitionDemo" */ = {
			isa = XCConfigurationList;
			buildConfigurations = (
				8EE0C7671FF36E3E0066F95E /* Debug */,
				8EE0C7681FF36E3E0066F95E /* Release */,
			);
			defaultConfigurationIsVisible = 0;
			defaultConfigurationName = Release;
		};
		8EE0C7691FF36E3E0066F95E /* Build configuration list for PBXNativeTarget "TGTransitionDemo" */ = {
			isa = XCConfigurationList;
			buildConfigurations = (
				8EE0C76A1FF36E3E0066F95E /* Debug */,
				8EE0C76B1FF36E3E0066F95E /* Release */,
			);
			defaultConfigurationIsVisible = 0;
			defaultConfigurationName = Release;
		};
/* End XCConfigurationList section */
	};
	rootObject = 8EE0C74B1FF36E3E0066F95E /* Project object */;
}
