// !$*UTF8*$!
{
	archiveVersion = 1;
	classes = {
	};
	objectVersion = 48;
	objects = {

/* Begin PBXBuildFile section */
		872D97BA1FFB2767004DBB65 /* TGTsetKVOController.m in Sources */ = {isa = PBXBuildFile; fileRef = 872D97B91FFB2767004DBB65 /* TGTsetKVOController.m */; };
		872D97BE1FFB2896004DBB65 /* NSObject+TGHook.m in Sources */ = {isa = PBXBuildFile; fileRef = 872D97BD1FFB2896004DBB65 /* NSObject+TGHook.m */; };
		872D97C11FFB2DD2004DBB65 /* TGTsetKVOSubController.m in Sources */ = {isa = PBXBuildFile; fileRef = 872D97C01FFB2DD2004DBB65 /* TGTsetKVOSubController.m */; };
		8E4445D51FDD071B00CC23B1 /* Main.storyboard in Resources */ = {isa = PBXBuildFile; fileRef = 8E4445D31FDD071B00CC23B1 /* Main.storyboard */; };
		8E4445D71FDD071B00CC23B1 /* Assets.xcassets in Resources */ = {isa = PBXBuildFile; fileRef = 8E4445D61FDD071B00CC23B1 /* Assets.xcassets */; };
		8E4445DA1FDD071B00CC23B1 /* LaunchScreen.storyboard in Resources */ = {isa = PBXBuildFile; fileRef = 8E4445D81FDD071B00CC23B1 /* LaunchScreen.storyboard */; };
		8E4445DD1FDD071B00CC23B1 /* main.m in Sources */ = {isa = PBXBuildFile; fileRef = 8E4445DC1FDD071B00CC23B1 /* main.m */; };
		8E4445ED1FDD075700CC23B1 /* AppDelegate.m in Sources */ = {isa = PBXBuildFile; fileRef = 8E4445E61FDD075700CC23B1 /* AppDelegate.m */; };
		8E4445EE1FDD075700CC23B1 /* ViewController.m in Sources */ = {isa = PBXBuildFile; fileRef = 8E4445E81FDD075700CC23B1 /* ViewController.m */; };
		8E4445F01FDD079000CC23B1 /* status.plist in Resources */ = {isa = PBXBuildFile; fileRef = 8E4445EF1FDD079000CC23B1 /* status.plist */; };
		8E4445F31FDD0B0100CC23B1 /* Person.m in Sources */ = {isa = PBXBuildFile; fileRef = 8E4445F21FDD0B0100CC23B1 /* Person.m */; };
		8E4445F91FDD117700CC23B1 /* Student.m in Sources */ = {isa = PBXBuildFile; fileRef = 8E4445F81FDD117700CC23B1 /* Student.m */; };
		8E4445FD1FDD173800CC23B1 /* UIImage+ImageExtension.m in Sources */ = {isa = PBXBuildFile; fileRef = 8E4445FC1FDD173800CC23B1 /* UIImage+ImageExtension.m */; };
		8E4446001FDD175200CC23B1 /* Person+PersonExtension.m in Sources */ = {isa = PBXBuildFile; fileRef = 8E4445FF1FDD175200CC23B1 /* Person+PersonExtension.m */; };
		8E4446031FDD2E7A00CC23B1 /* Student+Extension.m in Sources */ = {isa = PBXBuildFile; fileRef = 8E4446021FDD2E7A00CC23B1 /* Student+Extension.m */; };
		8E4446061FDD32B500CC23B1 /* NSObject+Extension.m in Sources */ = {isa = PBXBuildFile; fileRef = 8E4446051FDD32B500CC23B1 /* NSObject+Extension.m */; };
		8E4446091FDD36D100CC23B1 /* Status.m in Sources */ = {isa = PBXBuildFile; fileRef = 8E4446081FDD36D100CC23B1 /* Status.m */; };
		8E44460C1FDD3D4800CC23B1 /* User.m in Sources */ = {isa = PBXBuildFile; fileRef = 8E44460B1FDD3D4800CC23B1 /* User.m */; };
		8E44461D1FDE701B00CC23B1 /* TGRunloopTestViewController.m in Sources */ = {isa = PBXBuildFile; fileRef = 8E44461C1FDE701B00CC23B1 /* TGRunloopTestViewController.m */; };
		8E4446201FDE705F00CC23B1 /* TGRunloop1TableViewController.m in Sources */ = {isa = PBXBuildFile; fileRef = 8E44461F1FDE705F00CC23B1 /* TGRunloop1TableViewController.m */; };
		8E4446221FDE720A00CC23B1 /* spaceship.jpg in Resources */ = {isa = PBXBuildFile; fileRef = 8E4446211FDE720A00CC23B1 /* spaceship.jpg */; };
		8E4446251FDE726300CC23B1 /* TGImageModel.m in Sources */ = {isa = PBXBuildFile; fileRef = 8E4446241FDE726300CC23B1 /* TGImageModel.m */; };
		8E4446281FDE72F200CC23B1 /* TGImageTableViewCell.m in Sources */ = {isa = PBXBuildFile; fileRef = 8E4446271FDE72F200CC23B1 /* TGImageTableViewCell.m */; };
/* End PBXBuildFile section */

/* Begin PBXFileReference section */
		872D97B81FFB2767004DBB65 /* TGTsetKVOController.h */ = {isa = PBXFileReference; lastKnownFileType = sourcecode.c.h; path = TGTsetKVOController.h; sourceTree = "<group>"; };
		872D97B91FFB2767004DBB65 /* TGTsetKVOController.m */ = {isa = PBXFileReference; lastKnownFileType = sourcecode.c.objc; path = TGTsetKVOController.m; sourceTree = "<group>"; };
		872D97BC1FFB2896004DBB65 /* NSObject+TGHook.h */ = {isa = PBXFileReference; lastKnownFileType = sourcecode.c.h; path = "NSObject+TGHook.h"; sourceTree = "<group>"; };
		872D97BD1FFB2896004DBB65 /* NSObject+TGHook.m */ = {isa = PBXFileReference; lastKnownFileType = sourcecode.c.objc; path = "NSObject+TGHook.m"; sourceTree = "<group>"; };
		872D97BF1FFB2DD2004DBB65 /* TGTsetKVOSubController.h */ = {isa = PBXFileReference; lastKnownFileType = sourcecode.c.h; path = TGTsetKVOSubController.h; sourceTree = "<group>"; };
		872D97C01FFB2DD2004DBB65 /* TGTsetKVOSubController.m */ = {isa = PBXFileReference; lastKnownFileType = sourcecode.c.objc; path = TGTsetKVOSubController.m; sourceTree = "<group>"; };
		8E4445CA1FDD071B00CC23B1 /* TGBaseObjectiveC.app */ = {isa = PBXFileReference; explicitFileType = wrapper.application; includeInIndex = 0; path = TGBaseObjectiveC.app; sourceTree = BUILT_PRODUCTS_DIR; };
		8E4445D41FDD071B00CC23B1 /* Base */ = {isa = PBXFileReference; lastKnownFileType = file.storyboard; name = Base; path = Base.lproj/Main.storyboard; sourceTree = "<group>"; };
		8E4445D61FDD071B00CC23B1 /* Assets.xcassets */ = {isa = PBXFileReference; lastKnownFileType = folder.assetcatalog; path = Assets.xcassets; sourceTree = "<group>"; };
		8E4445D91FDD071B00CC23B1 /* Base */ = {isa = PBXFileReference; lastKnownFileType = file.storyboard; name = Base; path = Base.lproj/LaunchScreen.storyboard; sourceTree = "<group>"; };
		8E4445DB1FDD071B00CC23B1 /* Info.plist */ = {isa = PBXFileReference; lastKnownFileType = text.plist.xml; path = Info.plist; sourceTree = "<group>"; };
		8E4445DC1FDD071B00CC23B1 /* main.m */ = {isa = PBXFileReference; lastKnownFileType = sourcecode.c.objc; path = main.m; sourceTree = "<group>"; };
		8E4445E51FDD075700CC23B1 /* AppDelegate.h */ = {isa = PBXFileReference; fileEncoding = 4; lastKnownFileType = sourcecode.c.h; path = AppDelegate.h; sourceTree = "<group>"; };
		8E4445E61FDD075700CC23B1 /* AppDelegate.m */ = {isa = PBXFileReference; fileEncoding = 4; lastKnownFileType = sourcecode.c.objc; path = AppDelegate.m; sourceTree = "<group>"; };
		8E4445E81FDD075700CC23B1 /* ViewController.m */ = {isa = PBXFileReference; fileEncoding = 4; lastKnownFileType = sourcecode.c.objc; path = ViewController.m; sourceTree = "<group>"; };
		8E4445E91FDD075700CC23B1 /* ViewController.h */ = {isa = PBXFileReference; fileEncoding = 4; lastKnownFileType = sourcecode.c.h; path = ViewController.h; sourceTree = "<group>"; };
		8E4445EF1FDD079000CC23B1 /* status.plist */ = {isa = PBXFileReference; fileEncoding = 4; lastKnownFileType = text.plist.xml; path = status.plist; sourceTree = "<group>"; };
		8E4445F11FDD0B0100CC23B1 /* Person.h */ = {isa = PBXFileReference; lastKnownFileType = sourcecode.c.h; path = Person.h; sourceTree = "<group>"; };
		8E4445F21FDD0B0100CC23B1 /* Person.m */ = {isa = PBXFileReference; lastKnownFileType = sourcecode.c.objc; path = Person.m; sourceTree = "<group>"; };
		8E4445F71FDD117700CC23B1 /* Student.h */ = {isa = PBXFileReference; lastKnownFileType = sourcecode.c.h; path = Student.h; sourceTree = "<group>"; };
		8E4445F81FDD117700CC23B1 /* Student.m */ = {isa = PBXFileReference; lastKnownFileType = sourcecode.c.objc; path = Student.m; sourceTree = "<group>"; };
		8E4445FB1FDD173800CC23B1 /* UIImage+ImageExtension.h */ = {isa = PBXFileReference; fileEncoding = 4; lastKnownFileType = sourcecode.c.h; path = "UIImage+ImageExtension.h"; sourceTree = "<group>"; };
		8E4445FC1FDD173800CC23B1 /* UIImage+ImageExtension.m */ = {isa = PBXFileReference; fileEncoding = 4; lastKnownFileType = sourcecode.c.objc; path = "UIImage+ImageExtension.m"; sourceTree = "<group>"; };
		8E4445FE1FDD175200CC23B1 /* Person+PersonExtension.h */ = {isa = PBXFileReference; lastKnownFileType = sourcecode.c.h; path = "Person+PersonExtension.h"; sourceTree = "<group>"; };
		8E4445FF1FDD175200CC23B1 /* Person+PersonExtension.m */ = {isa = PBXFileReference; lastKnownFileType = sourcecode.c.objc; path = "Person+PersonExtension.m"; sourceTree = "<group>"; };
		8E4446011FDD2E7A00CC23B1 /* Student+Extension.h */ = {isa = PBXFileReference; lastKnownFileType = sourcecode.c.h; path = "Student+Extension.h"; sourceTree = "<group>"; };
		8E4446021FDD2E7A00CC23B1 /* Student+Extension.m */ = {isa = PBXFileReference; lastKnownFileType = sourcecode.c.objc; path = "Student+Extension.m"; sourceTree = "<group>"; };
		8E4446041FDD32B500CC23B1 /* NSObject+Extension.h */ = {isa = PBXFileReference; lastKnownFileType = sourcecode.c.h; path = "NSObject+Extension.h"; sourceTree = "<group>"; };
		8E4446051FDD32B500CC23B1 /* NSObject+Extension.m */ = {isa = PBXFileReference; lastKnownFileType = sourcecode.c.objc; path = "NSObject+Extension.m"; sourceTree = "<group>"; };
		8E4446071FDD36D100CC23B1 /* Status.h */ = {isa = PBXFileReference; lastKnownFileType = sourcecode.c.h; path = Status.h; sourceTree = "<group>"; };
		8E4446081FDD36D100CC23B1 /* Status.m */ = {isa = PBXFileReference; lastKnownFileType = sourcecode.c.objc; path = Status.m; sourceTree = "<group>"; };
		8E44460A1FDD3D4800CC23B1 /* User.h */ = {isa = PBXFileReference; lastKnownFileType = sourcecode.c.h; path = User.h; sourceTree = "<group>"; };
		8E44460B1FDD3D4800CC23B1 /* User.m */ = {isa = PBXFileReference; lastKnownFileType = sourcecode.c.objc; path = User.m; sourceTree = "<group>"; };
		8E44461B1FDE701B00CC23B1 /* TGRunloopTestViewController.h */ = {isa = PBXFileReference; lastKnownFileType = sourcecode.c.h; path = TGRunloopTestViewController.h; sourceTree = "<group>"; };
		8E44461C1FDE701B00CC23B1 /* TGRunloopTestViewController.m */ = {isa = PBXFileReference; lastKnownFileType = sourcecode.c.objc; path = TGRunloopTestViewController.m; sourceTree = "<group>"; };
		8E44461E1FDE705F00CC23B1 /* TGRunloop1TableViewController.h */ = {isa = PBXFileReference; lastKnownFileType = sourcecode.c.h; path = TGRunloop1TableViewController.h; sourceTree = "<group>"; };
		8E44461F1FDE705F00CC23B1 /* TGRunloop1TableViewController.m */ = {isa = PBXFileReference; lastKnownFileType = sourcecode.c.objc; path = TGRunloop1TableViewController.m; sourceTree = "<group>"; };
		8E4446211FDE720A00CC23B1 /* spaceship.jpg */ = {isa = PBXFileReference; lastKnownFileType = image.jpeg; path = spaceship.jpg; sourceTree = "<group>"; };
		8E4446231FDE726300CC23B1 /* TGImageModel.h */ = {isa = PBXFileReference; lastKnownFileType = sourcecode.c.h; path = TGImageModel.h; sourceTree = "<group>"; };
		8E4446241FDE726300CC23B1 /* TGImageModel.m */ = {isa = PBXFileReference; lastKnownFileType = sourcecode.c.objc; path = TGImageModel.m; sourceTree = "<group>"; };
		8E4446261FDE72F200CC23B1 /* TGImageTableViewCell.h */ = {isa = PBXFileReference; lastKnownFileType = sourcecode.c.h; path = TGImageTableViewCell.h; sourceTree = "<group>"; };
		8E4446271FDE72F200CC23B1 /* TGImageTableViewCell.m */ = {isa = PBXFileReference; lastKnownFileType = sourcecode.c.objc; path = TGImageTableViewCell.m; sourceTree = "<group>"; };
/* End PBXFileReference section */

/* Begin PBXFrameworksBuildPhase section */
		8E4445C71FDD071B00CC23B1 /* Frameworks */ = {
			isa = PBXFrameworksBuildPhase;
			buildActionMask = 2147483647;
			files = (
			);
			runOnlyForDeploymentPostprocessing = 0;
		};
/* End PBXFrameworksBuildPhase section */

/* Begin PBXGroup section */
		872D97BB1FFB287D004DBB65 /* Category */ = {
			isa = PBXGroup;
			children = (
				872D97BC1FFB2896004DBB65 /* NSObject+TGHook.h */,
				872D97BD1FFB2896004DBB65 /* NSObject+TGHook.m */,
			);
			path = Category;
			sourceTree = "<group>";
		};
		8E4445C11FDD071B00CC23B1 = {
			isa = PBXGroup;
			children = (
				8E4445CC1FDD071B00CC23B1 /* TGBaseObjectiveC */,
				8E4445CB1FDD071B00CC23B1 /* Products */,
			);
			sourceTree = "<group>";
		};
		8E4445CB1FDD071B00CC23B1 /* Products */ = {
			isa = PBXGroup;
			children = (
				8E4445CA1FDD071B00CC23B1 /* TGBaseObjectiveC.app */,
			);
			name = Products;
			sourceTree = "<group>";
		};
		8E4445CC1FDD071B00CC23B1 /* TGBaseObjectiveC */ = {
			isa = PBXGroup;
			children = (
				8E4445E31FDD075700CC23B1 /* Classes */,
				8E4445D31FDD071B00CC23B1 /* Main.storyboard */,
				8E4445D61FDD071B00CC23B1 /* Assets.xcassets */,
				8E4446211FDE720A00CC23B1 /* spaceship.jpg */,
				8E4445EF1FDD079000CC23B1 /* status.plist */,
				8E4445D81FDD071B00CC23B1 /* LaunchScreen.storyboard */,
				8E4445DB1FDD071B00CC23B1 /* Info.plist */,
				8E4445DC1FDD071B00CC23B1 /* main.m */,
			);
			path = TGBaseObjectiveC;
			sourceTree = "<group>";
		};
		8E4445E31FDD075700CC23B1 /* Classes */ = {
			isa = PBXGroup;
			children = (
				872D97BB1FFB287D004DBB65 /* Category */,
				8E4445E41FDD075700CC23B1 /* Other */,
				8E4445E71FDD075700CC23B1 /* Controller */,
				8E4445EA1FDD075700CC23B1 /* Model */,
				8E4445EB1FDD075700CC23B1 /* View */,
				8E4445EC1FDD075700CC23B1 /* Main */,
			);
			path = Classes;
			sourceTree = "<group>";
		};
		8E4445E41FDD075700CC23B1 /* Other */ = {
			isa = PBXGroup;
			children = (
				8E4445E51FDD075700CC23B1 /* AppDelegate.h */,
				8E4445E61FDD075700CC23B1 /* AppDelegate.m */,
			);
			path = Other;
			sourceTree = "<group>";
		};
		8E4445E71FDD075700CC23B1 /* Controller */ = {
			isa = PBXGroup;
			children = (
				8E4445E91FDD075700CC23B1 /* ViewController.h */,
				8E4445E81FDD075700CC23B1 /* ViewController.m */,
				8E44461B1FDE701B00CC23B1 /* TGRunloopTestViewController.h */,
				8E44461C1FDE701B00CC23B1 /* TGRunloopTestViewController.m */,
				8E44461E1FDE705F00CC23B1 /* TGRunloop1TableViewController.h */,
				8E44461F1FDE705F00CC23B1 /* TGRunloop1TableViewController.m */,
				872D97B81FFB2767004DBB65 /* TGTsetKVOController.h */,
				872D97B91FFB2767004DBB65 /* TGTsetKVOController.m */,
				872D97BF1FFB2DD2004DBB65 /* TGTsetKVOSubController.h */,
				872D97C01FFB2DD2004DBB65 /* TGTsetKVOSubController.m */,
			);
			path = Controller;
			sourceTree = "<group>";
		};
		8E4445EA1FDD075700CC23B1 /* Model */ = {
			isa = PBXGroup;
			children = (
				8E4445F11FDD0B0100CC23B1 /* Person.h */,
				8E4445F21FDD0B0100CC23B1 /* Person.m */,
				8E4445F71FDD117700CC23B1 /* Student.h */,
				8E4445F81FDD117700CC23B1 /* Student.m */,
				8E4446071FDD36D100CC23B1 /* Status.h */,
				8E4446081FDD36D100CC23B1 /* Status.m */,
				8E44460A1FDD3D4800CC23B1 /* User.h */,
				8E44460B1FDD3D4800CC23B1 /* User.m */,
				8E4446231FDE726300CC23B1 /* TGImageModel.h */,
				8E4446241FDE726300CC23B1 /* TGImageModel.m */,
			);
			path = Model;
			sourceTree = "<group>";
		};
		8E4445EB1FDD075700CC23B1 /* View */ = {
			isa = PBXGroup;
			children = (
				8E4446261FDE72F200CC23B1 /* TGImageTableViewCell.h */,
				8E4446271FDE72F200CC23B1 /* TGImageTableViewCell.m */,
			);
			path = View;
			sourceTree = "<group>";
		};
		8E4445EC1FDD075700CC23B1 /* Main */ = {
			isa = PBXGroup;
			children = (
				8E4445FA1FDD173800CC23B1 /* Category */,
			);
			path = Main;
			sourceTree = "<group>";
		};
		8E4445FA1FDD173800CC23B1 /* Category */ = {
			isa = PBXGroup;
			children = (
				8E4445FB1FDD173800CC23B1 /* UIImage+ImageExtension.h */,
				8E4445FC1FDD173800CC23B1 /* UIImage+ImageExtension.m */,
				8E4445FE1FDD175200CC23B1 /* Person+PersonExtension.h */,
				8E4445FF1FDD175200CC23B1 /* Person+PersonExtension.m */,
				8E4446011FDD2E7A00CC23B1 /* Student+Extension.h */,
				8E4446021FDD2E7A00CC23B1 /* Student+Extension.m */,
				8E4446041FDD32B500CC23B1 /* NSObject+Extension.h */,
				8E4446051FDD32B500CC23B1 /* NSObject+Extension.m */,
			);
			path = Category;
			sourceTree = "<group>";
		};
/* End PBXGroup section */

/* Begin PBXNativeTarget section */
		8E4445C91FDD071B00CC23B1 /* TGBaseObjectiveC */ = {
			isa = PBXNativeTarget;
			buildConfigurationList = 8E4445E01FDD071B00CC23B1 /* Build configuration list for PBXNativeTarget "TGBaseObjectiveC" */;
			buildPhases = (
				8E4445C61FDD071B00CC23B1 /* Sources */,
				8E4445C71FDD071B00CC23B1 /* Frameworks */,
				8E4445C81FDD071B00CC23B1 /* Resources */,
			);
			buildRules = (
			);
			dependencies = (
			);
			name = TGBaseObjectiveC;
			productName = TGBaseObjectiveC;
			productReference = 8E4445CA1FDD071B00CC23B1 /* TGBaseObjectiveC.app */;
			productType = "com.apple.product-type.application";
		};
/* End PBXNativeTarget section */

/* Begin PBXProject section */
		8E4445C21FDD071B00CC23B1 /* Project object */ = {
			isa = PBXProject;
			attributes = {
				CLASSPREFIX = TG;
				LastUpgradeCheck = 0910;
				ORGANIZATIONNAME = Centaline;
				TargetAttributes = {
					8E4445C91FDD071B00CC23B1 = {
						CreatedOnToolsVersion = 9.1;
						ProvisioningStyle = Automatic;
					};
				};
			};
			buildConfigurationList = 8E4445C51FDD071B00CC23B1 /* Build configuration list for PBXProject "TGBaseObjectiveC" */;
			compatibilityVersion = "Xcode 8.0";
			developmentRegion = en;
			hasScannedForEncodings = 0;
			knownRegions = (
				en,
				Base,
			);
			mainGroup = 8E4445C11FDD071B00CC23B1;
			productRefGroup = 8E4445CB1FDD071B00CC23B1 /* Products */;
			projectDirPath = "";
			projectRoot = "";
			targets = (
				8E4445C91FDD071B00CC23B1 /* TGBaseObjectiveC */,
			);
		};
/* End PBXProject section */

/* Begin PBXResourcesBuildPhase section */
		8E4445C81FDD071B00CC23B1 /* Resources */ = {
			isa = PBXResourcesBuildPhase;
			buildActionMask = 2147483647;
			files = (
				8E4445DA1FDD071B00CC23B1 /* LaunchScreen.storyboard in Resources */,
				8E4445D71FDD071B00CC23B1 /* Assets.xcassets in Resources */,
				8E4446221FDE720A00CC23B1 /* spaceship.jpg in Resources */,
				8E4445F01FDD079000CC23B1 /* status.plist in Resources */,
				8E4445D51FDD071B00CC23B1 /* Main.storyboard in Resources */,
			);
			runOnlyForDeploymentPostprocessing = 0;
		};
/* End PBXResourcesBuildPhase section */

/* Begin PBXSourcesBuildPhase section */
		8E4445C61FDD071B00CC23B1 /* Sources */ = {
			isa = PBXSourcesBuildPhase;
			buildActionMask = 2147483647;
			files = (
				8E4445EE1FDD075700CC23B1 /* ViewController.m in Sources */,
				8E4446201FDE705F00CC23B1 /* TGRunloop1TableViewController.m in Sources */,
				8E4445ED1FDD075700CC23B1 /* AppDelegate.m in Sources */,
				8E4446061FDD32B500CC23B1 /* NSObject+Extension.m in Sources */,
				8E4446091FDD36D100CC23B1 /* Status.m in Sources */,
				8E4445F31FDD0B0100CC23B1 /* Person.m in Sources */,
				8E4446251FDE726300CC23B1 /* TGImageModel.m in Sources */,
				8E4446001FDD175200CC23B1 /* Person+PersonExtension.m in Sources */,
				8E44460C1FDD3D4800CC23B1 /* User.m in Sources */,
				8E4446281FDE72F200CC23B1 /* TGImageTableViewCell.m in Sources */,
				8E4445FD1FDD173800CC23B1 /* UIImage+ImageExtension.m in Sources */,
				8E4446031FDD2E7A00CC23B1 /* Student+Extension.m in Sources */,
				8E44461D1FDE701B00CC23B1 /* TGRunloopTestViewController.m in Sources */,
				8E4445DD1FDD071B00CC23B1 /* main.m in Sources */,
				8E4445F91FDD117700CC23B1 /* Student.m in Sources */,
				872D97BE1FFB2896004DBB65 /* NSObject+TGHook.m in Sources */,
				872D97C11FFB2DD2004DBB65 /* TGTsetKVOSubController.m in Sources */,
				872D97BA1FFB2767004DBB65 /* TGTsetKVOController.m in Sources */,
			);
			runOnlyForDeploymentPostprocessing = 0;
		};
/* End PBXSourcesBuildPhase section */

/* Begin PBXVariantGroup section */
		8E4445D31FDD071B00CC23B1 /* Main.storyboard */ = {
			isa = PBXVariantGroup;
			children = (
				8E4445D41FDD071B00CC23B1 /* Base */,
			);
			name = Main.storyboard;
			sourceTree = "<group>";
		};
		8E4445D81FDD071B00CC23B1 /* LaunchScreen.storyboard */ = {
			isa = PBXVariantGroup;
			children = (
				8E4445D91FDD071B00CC23B1 /* Base */,
			);
			name = LaunchScreen.storyboard;
			sourceTree = "<group>";
		};
/* End PBXVariantGroup section */

/* Begin XCBuildConfiguration section */
		8E4445DE1FDD071B00CC23B1 /* Debug */ = {
			isa = XCBuildConfiguration;
			buildSettings = {
				ALWAYS_SEARCH_USER_PATHS = NO;
				CLANG_ANALYZER_NONNULL = YES;
				CLANG_ANALYZER_NUMBER_OBJECT_CONVERSION = YES_AGGRESSIVE;
				CLANG_CXX_LANGUAGE_STANDARD = "gnu++14";
				CLANG_CXX_LIBRARY = "libc++";
				CLANG_ENABLE_MODULES = YES;
				CLANG_ENABLE_OBJC_ARC = YES;
				CLANG_WARN_BLOCK_CAPTURE_AUTORELEASING = YES;
				CLANG_WARN_BOOL_CONVERSION = YES;
				CLANG_WARN_COMMA = YES;
				CLANG_WARN_CONSTANT_CONVERSION = YES;
				CLANG_WARN_DIRECT_OBJC_ISA_USAGE = YES_ERROR;
				CLANG_WARN_DOCUMENTATION_COMMENTS = YES;
				CLANG_WARN_EMPTY_BODY = YES;
				CLANG_WARN_ENUM_CONVERSION = YES;
				CLANG_WARN_INFINITE_RECURSION = YES;
				CLANG_WARN_INT_CONVERSION = YES;
				CLANG_WARN_NON_LITERAL_NULL_CONVERSION = YES;
				CLANG_WARN_OBJC_LITERAL_CONVERSION = YES;
				CLANG_WARN_OBJC_ROOT_CLASS = YES_ERROR;
				CLANG_WARN_RANGE_LOOP_ANALYSIS = YES;
				CLANG_WARN_STRICT_PROTOTYPES = YES;
				CLANG_WARN_SUSPICIOUS_MOVE = YES;
				CLANG_WARN_UNGUARDED_AVAILABILITY = YES_AGGRESSIVE;
				CLANG_WARN_UNREACHABLE_CODE = YES;
				CLANG_WARN__DUPLICATE_METHOD_MATCH = YES;
				CODE_SIGN_IDENTITY = "iPhone Developer";
				COPY_PHASE_STRIP = NO;
				DEBUG_INFORMATION_FORMAT = dwarf;
				ENABLE_STRICT_OBJC_MSGSEND = YES;
				ENABLE_TESTABILITY = YES;
				GCC_C_LANGUAGE_STANDARD = gnu11;
				GCC_DYNAMIC_NO_PIC = NO;
				GCC_NO_COMMON_BLOCKS = YES;
				GCC_OPTIMIZATION_LEVEL = 0;
				GCC_PREPROCESSOR_DEFINITIONS = (
					"DEBUG=1",
					"$(inherited)",
				);
				GCC_WARN_64_TO_32_BIT_CONVERSION = YES;
				GCC_WARN_ABOUT_RETURN_TYPE = YES_ERROR;
				GCC_WARN_UNDECLARED_SELECTOR = YES;
				GCC_WARN_UNINITIALIZED_AUTOS = YES_AGGRESSIVE;
				GCC_WARN_UNUSED_FUNCTION = YES;
				GCC_WARN_UNUSED_VARIABLE = YES;
				IPHONEOS_DEPLOYMENT_TARGET = 11.1;
				MTL_ENABLE_DEBUG_INFO = YES;
				ONLY_ACTIVE_ARCH = YES;
				SDKROOT = iphoneos;
			};
			name = Debug;
		};
		8E4445DF1FDD071B00CC23B1 /* Release */ = {
			isa = XCBuildConfiguration;
			buildSettings = {
				ALWAYS_SEARCH_USER_PATHS = NO;
				CLANG_ANALYZER_NONNULL = YES;
				CLANG_ANALYZER_NUMBER_OBJECT_CONVERSION = YES_AGGRESSIVE;
				CLANG_CXX_LANGUAGE_STANDARD = "gnu++14";
				CLANG_CXX_LIBRARY = "libc++";
				CLANG_ENABLE_MODULES = YES;
				CLANG_ENABLE_OBJC_ARC = YES;
				CLANG_WARN_BLOCK_CAPTURE_AUTORELEASING = YES;
				CLANG_WARN_BOOL_CONVERSION = YES;
				CLANG_WARN_COMMA = YES;
				CLANG_WARN_CONSTANT_CONVERSION = YES;
				CLANG_WARN_DIRECT_OBJC_ISA_USAGE = YES_ERROR;
				CLANG_WARN_DOCUMENTATION_COMMENTS = YES;
				CLANG_WARN_EMPTY_BODY = YES;
				CLANG_WARN_ENUM_CONVERSION = YES;
				CLANG_WARN_INFINITE_RECURSION = YES;
				CLANG_WARN_INT_CONVERSION = YES;
				CLANG_WARN_NON_LITERAL_NULL_CONVERSION = YES;
				CLANG_WARN_OBJC_LITERAL_CONVERSION = YES;
				CLANG_WARN_OBJC_ROOT_CLASS = YES_ERROR;
				CLANG_WARN_RANGE_LOOP_ANALYSIS = YES;
				CLANG_WARN_STRICT_PROTOTYPES = YES;
				CLANG_WARN_SUSPICIOUS_MOVE = YES;
				CLANG_WARN_UNGUARDED_AVAILABILITY = YES_AGGRESSIVE;
				CLANG_WARN_UNREACHABLE_CODE = YES;
				CLANG_WARN__DUPLICATE_METHOD_MATCH = YES;
				CODE_SIGN_IDENTITY = "iPhone Developer";
				COPY_PHASE_STRIP = NO;
				DEBUG_INFORMATION_FORMAT = "dwarf-with-dsym";
				ENABLE_NS_ASSERTIONS = NO;
				ENABLE_STRICT_OBJC_MSGSEND = YES;
				GCC_C_LANGUAGE_STANDARD = gnu11;
				GCC_NO_COMMON_BLOCKS = YES;
				GCC_WARN_64_TO_32_BIT_CONVERSION = YES;
				GCC_WARN_ABOUT_RETURN_TYPE = YES_ERROR;
				GCC_WARN_UNDECLARED_SELECTOR = YES;
				GCC_WARN_UNINITIALIZED_AUTOS = YES_AGGRESSIVE;
				GCC_WARN_UNUSED_FUNCTION = YES;
				GCC_WARN_UNUSED_VARIABLE = YES;
				IPHONEOS_DEPLOYMENT_TARGET = 11.1;
				MTL_ENABLE_DEBUG_INFO = NO;
				SDKROOT = iphoneos;
				VALIDATE_PRODUCT = YES;
			};
			name = Release;
		};
		8E4445E11FDD071B00CC23B1 /* Debug */ = {
			isa = XCBuildConfiguration;
			buildSettings = {
				ASSETCATALOG_COMPILER_APPICON_NAME = AppIcon;
				CODE_SIGN_STYLE = Automatic;
				DEVELOPMENT_TEAM = WT44JA8HJ5;
				ENABLE_STRICT_OBJC_MSGSEND = NO;
				INFOPLIST_FILE = TGBaseObjectiveC/Info.plist;
				LD_RUNPATH_SEARCH_PATHS = "$(inherited) @executable_path/Frameworks";
				PRODUCT_BUNDLE_IDENTIFIER = com.centaline.TGBaseObjectiveC;
				PRODUCT_NAME = "$(TARGET_NAME)";
				TARGETED_DEVICE_FAMILY = "1,2";
			};
			name = Debug;
		};
		8E4445E21FDD071B00CC23B1 /* Release */ = {
			isa = XCBuildConfiguration;
			buildSettings = {
				ASSETCATALOG_COMPILER_APPICON_NAME = AppIcon;
				CODE_SIGN_STYLE = Automatic;
				DEVELOPMENT_TEAM = WT44JA8HJ5;
				ENABLE_STRICT_OBJC_MSGSEND = NO;
				INFOPLIST_FILE = TGBaseObjectiveC/Info.plist;
				LD_RUNPATH_SEARCH_PATHS = "$(inherited) @executable_path/Frameworks";
				PRODUCT_BUNDLE_IDENTIFIER = com.centaline.TGBaseObjectiveC;
				PRODUCT_NAME = "$(TARGET_NAME)";
				TARGETED_DEVICE_FAMILY = "1,2";
			};
			name = Release;
		};
/* End XCBuildConfiguration section */

/* Begin XCConfigurationList section */
		8E4445C51FDD071B00CC23B1 /* Build configuration list for PBXProject "TGBaseObjectiveC" */ = {
			isa = XCConfigurationList;
			buildConfigurations = (
				8E4445DE1FDD071B00CC23B1 /* Debug */,
				8E4445DF1FDD071B00CC23B1 /* Release */,
			);
			defaultConfigurationIsVisible = 0;
			defaultConfigurationName = Release;
		};
		8E4445E01FDD071B00CC23B1 /* Build configuration list for PBXNativeTarget "TGBaseObjectiveC" */ = {
			isa = XCConfigurationList;
			buildConfigurations = (
				8E4445E11FDD071B00CC23B1 /* Debug */,
				8E4445E21FDD071B00CC23B1 /* Release */,
			);
			defaultConfigurationIsVisible = 0;
			defaultConfigurationName = Release;
		};
/* End XCConfigurationList section */
	};
	rootObject = 8E4445C21FDD071B00CC23B1 /* Project object */;
}
